{
  "format_version": "1.0",
  "provider_schemas": {
    "registry.terraform.io/elastic/ec": {
      "provider": {
        "version": 0,
        "block": {
          "attributes": {
            "apikey": {
              "type": "string",
              "description": "API Key to use for API authentication. The only valid authentication mechanism for the Elasticsearch Service.",
              "description_kind": "plain",
              "optional": true,
              "sensitive": true
            },
            "endpoint": {
              "type": "string",
              "description": "Endpoint where the terraform provider will point to. Defaults to \"https://api.elastic-cloud.com\".",
              "description_kind": "plain",
              "optional": true
            },
            "insecure": {
              "type": "bool",
              "description": "Allow the provider to skip TLS validation on its outgoing HTTP calls.",
              "description_kind": "plain",
              "optional": true
            },
            "password": {
              "type": "string",
              "description": "Password to use for API authentication. Available only when targeting ECE Installations or Elasticsearch Service Private.",
              "description_kind": "plain",
              "optional": true,
              "sensitive": true
            },
            "timeout": {
              "type": "string",
              "description": "Timeout used for individual HTTP calls. Defaults to \"1m\".",
              "description_kind": "plain",
              "optional": true
            },
            "username": {
              "type": "string",
              "description": "Username to use for API authentication. Available only when targeting ECE Installations or Elasticsearch Service Private.",
              "description_kind": "plain",
              "optional": true
            },
            "verbose": {
              "type": "bool",
              "description": "When set, a \"request.log\" file will be written with all outgoing HTTP requests. Defaults to \"false\".",
              "description_kind": "plain",
              "optional": true
            },
            "verbose_credentials": {
              "type": "bool",
              "description": "When set with verbose, the contents of the Authorization header will not be redacted. Defaults to \"false\".",
              "description_kind": "plain",
              "optional": true
            },
            "verbose_file": {
              "type": "string",
              "description": "Timeout used for individual HTTP calls. Defaults to \"1m\".",
              "description_kind": "plain",
              "optional": true
            }
          },
          "description_kind": "plain"
        }
      },
      "resource_schemas": {
        "ec_deployment": {
          "version": 2,
          "block": {
            "attributes": {
              "alias": {
                "type": "string",
                "description": "Deployment alias, affects the format of the resource URLs.",
                "description_kind": "plain",
                "optional": true,
                "computed": true
              },
              "apm": {
                "nested_type": {
                  "attributes": {
                    "config": {
                      "nested_type": {
                        "attributes": {
                          "debug_enabled": {
                            "type": "bool",
                            "description": "Optionally enable debug mode for APM servers - defaults to false",
                            "description_kind": "plain",
                            "optional": true,
                            "computed": true
                          },
                          "docker_image": {
                            "type": "string",
                            "description": "Optionally override the docker image the APM nodes will use. This option will not work in ESS customers and should only be changed if you know what you're doing.",
                            "description_kind": "plain",
                            "optional": true
                          },
                          "user_settings_json": {
                            "type": "string",
                            "description": "An arbitrary JSON object allowing (non-admin) cluster owners to set their parameters (only one of this and 'user_settings_yaml' is allowed), provided they are on the whitelist ('user_settings_whitelist') and not on the blacklist ('user_settings_blacklist'). (This field together with 'user_settings_override*' and 'system_settings' defines the total set of resource settings)",
                            "description_kind": "plain",
                            "optional": true
                          },
                          "user_settings_override_json": {
                            "type": "string",
                            "description": "An arbitrary JSON object allowing ECE admins owners to set clusters' parameters (only one of this and 'user_settings_override_yaml' is allowed), ie in addition to the documented 'system_settings'. (This field together with 'system_settings' and 'user_settings*' defines the total set of resource settings)",
                            "description_kind": "plain",
                            "optional": true
                          },
                          "user_settings_override_yaml": {
                            "type": "string",
                            "description": "An arbitrary YAML object allowing ECE admins owners to set clusters' parameters (only one of this and 'user_settings_override_json' is allowed), ie in addition to the documented 'system_settings'. (This field together with 'system_settings' and 'user_settings*' defines the total set of resource settings)",
                            "description_kind": "plain",
                            "optional": true
                          },
                          "user_settings_yaml": {
                            "type": "string",
                            "description": "An arbitrary YAML object allowing (non-admin) cluster owners to set their parameters (only one of this and 'user_settings_json' is allowed), provided they are on the whitelist ('user_settings_whitelist') and not on the blacklist ('user_settings_blacklist'). (These field together with 'user_settings_override*' and 'system_settings' defines the total set of resource settings)",
                            "description_kind": "plain",
                            "optional": true
                          }
                        },
                        "nesting_mode": "single"
                      },
                      "description": "Optionally define the Apm configuration options for the APM Server",
                      "description_kind": "plain",
                      "optional": true
                    },
                    "elasticsearch_cluster_ref_id": {
                      "type": "string",
                      "description_kind": "plain",
                      "optional": true,
                      "computed": true
                    },
                    "http_endpoint": {
                      "type": "string",
                      "description_kind": "plain",
                      "computed": true
                    },
                    "https_endpoint": {
                      "type": "string",
                      "description_kind": "plain",
                      "computed": true
                    },
                    "instance_configuration_id": {
                      "type": "string",
                      "description_kind": "plain",
                      "optional": true,
                      "computed": true
                    },
                    "ref_id": {
                      "type": "string",
                      "description_kind": "plain",
                      "optional": true,
                      "computed": true
                    },
                    "region": {
                      "type": "string",
                      "description_kind": "plain",
                      "computed": true
                    },
                    "resource_id": {
                      "type": "string",
                      "description_kind": "plain",
                      "computed": true
                    },
                    "size": {
                      "type": "string",
                      "description_kind": "plain",
                      "optional": true,
                      "computed": true
                    },
                    "size_resource": {
                      "type": "string",
                      "description": "Optional size type, defaults to \"memory\".",
                      "description_kind": "plain",
                      "optional": true,
                      "computed": true
                    },
                    "zone_count": {
                      "type": "number",
                      "description_kind": "plain",
                      "optional": true,
                      "computed": true
                    }
                  },
                  "nesting_mode": "single"
                },
                "description": "**DEPRECATED** APM cluster definition. This should only be used for deployments running a version lower than 8.0",
                "description_kind": "plain",
                "optional": true
              },
              "apm_secret_token": {
                "type": "string",
                "description_kind": "plain",
                "computed": true,
                "sensitive": true
              },
              "deployment_template_id": {
                "type": "string",
                "description": "Deployment template identifier to create the deployment from. See the [full list](https://www.elastic.co/guide/en/cloud/current/ec-regions-templates-instances.html) of regions and deployment templates available in ESS.",
                "description_kind": "plain",
                "required": true
              },
              "elasticsearch": {
                "nested_type": {
                  "attributes": {
                    "autoscale": {
                      "type": "bool",
                      "description": "Enable or disable autoscaling. Defaults to the setting coming from the deployment template.",
                      "description_kind": "plain",
                      "optional": true,
                      "computed": true
                    },
                    "cloud_id": {
                      "type": "string",
                      "description": "The encoded Elasticsearch credentials to use in Beats or Logstash",
                      "description_kind": "plain",
                      "computed": true
                    },
                    "cold": {
                      "nested_type": {
                        "attributes": {
                          "autoscaling": {
                            "nested_type": {
                              "attributes": {
                                "max_size": {
                                  "type": "string",
                                  "description": "Maximum size value for the maximum autoscaling setting.",
                                  "description_kind": "plain",
                                  "optional": true,
                                  "computed": true
                                },
                                "max_size_resource": {
                                  "type": "string",
                                  "description": "Maximum resource type for the maximum autoscaling setting.",
                                  "description_kind": "plain",
                                  "optional": true,
                                  "computed": true
                                },
                                "min_size": {
                                  "type": "string",
                                  "description": "Minimum size value for the minimum autoscaling setting.",
                                  "description_kind": "plain",
                                  "optional": true,
                                  "computed": true
                                },
                                "min_size_resource": {
                                  "type": "string",
                                  "description": "Minimum resource type for the minimum autoscaling setting.",
                                  "description_kind": "plain",
                                  "optional": true,
                                  "computed": true
                                },
                                "policy_override_json": {
                                  "type": "string",
                                  "description": "Computed policy overrides set directly via the API or other clients.",
                                  "description_kind": "plain",
                                  "computed": true
                                }
                              },
                              "nesting_mode": "single"
                            },
                            "description": "Optional Elasticsearch autoscaling settings, such a maximum and minimum size and resources.",
                            "description_kind": "plain",
                            "required": true
                          },
                          "instance_configuration_id": {
                            "type": "string",
                            "description": "Computed Instance Configuration ID of the topology element",
                            "description_kind": "plain",
                            "computed": true
                          },
                          "node_roles": {
                            "type": [
                              "set",
                              "string"
                            ],
                            "description": "The computed list of node roles for the current topology element",
                            "description_kind": "plain",
                            "computed": true
                          },
                          "node_type_data": {
                            "type": "string",
                            "description": "The node type for the Elasticsearch Topology element (data node)",
                            "description_kind": "plain",
                            "optional": true,
                            "computed": true
                          },
                          "node_type_ingest": {
                            "type": "string",
                            "description": "The node type for the Elasticsearch Topology element (ingest node)",
                            "description_kind": "plain",
                            "optional": true,
                            "computed": true
                          },
                          "node_type_master": {
                            "type": "string",
                            "description": "The node type for the Elasticsearch Topology element (master node)",
                            "description_kind": "plain",
                            "optional": true,
                            "computed": true
                          },
                          "node_type_ml": {
                            "type": "string",
                            "description": "The node type for the Elasticsearch Topology element (machine learning node)",
                            "description_kind": "plain",
                            "optional": true,
                            "computed": true
                          },
                          "size": {
                            "type": "string",
                            "description": "Amount of \"size_resource\" per node in the \"<size in GB>g\" notation",
                            "description_kind": "plain",
                            "optional": true,
                            "computed": true
                          },
                          "size_resource": {
                            "type": "string",
                            "description": "Size type, defaults to \"memory\".",
                            "description_kind": "plain",
                            "optional": true,
                            "computed": true
                          },
                          "zone_count": {
                            "type": "number",
                            "description": "Number of zones that the Elasticsearch cluster will span. This is used to set HA",
                            "description_kind": "plain",
                            "optional": true,
                            "computed": true
                          }
                        },
                        "nesting_mode": "single"
                      },
                      "description": "'cold' topology element",
                      "description_kind": "plain",
                      "optional": true
                    },
                    "config": {
                      "nested_type": {
                        "attributes": {
                          "docker_image": {
                            "type": "string",
                            "description": "Overrides the docker image the Elasticsearch nodes will use. Note that this field will only work for internal users only.",
                            "description_kind": "plain",
                            "optional": true
                          },
                          "plugins": {
                            "type": [
                              "set",
                              "string"
                            ],
                            "description": "List of Elasticsearch supported plugins, which vary from version to version. Check the Stack Pack version to see which plugins are supported for each version. This is currently only available from the UI and [ecctl](https://www.elastic.co/guide/en/ecctl/master/ecctl_stack_list.html)",
                            "description_kind": "plain",
                            "optional": true,
                            "computed": true
                          },
                          "user_settings_json": {
                            "type": "string",
                            "description": "JSON-formatted user level \"elasticsearch.yml\" setting overrides",
                            "description_kind": "plain",
                            "optional": true
                          },
                          "user_settings_override_json": {
                            "type": "string",
                            "description": "JSON-formatted admin (ECE) level \"elasticsearch.yml\" setting overrides",
                            "description_kind": "plain",
                            "optional": true
                          },
                          "user_settings_override_yaml": {
                            "type": "string",
                            "description": "YAML-formatted admin (ECE) level \"elasticsearch.yml\" setting overrides",
                            "description_kind": "plain",
                            "optional": true
                          },
                          "user_settings_yaml": {
                            "type": "string",
                            "description": "YAML-formatted user level \"elasticsearch.yml\" setting overrides",
                            "description_kind": "plain",
                            "optional": true
                          }
                        },
                        "nesting_mode": "single"
                      },
                      "description": "Elasticsearch settings which will be applied to all topologies",
                      "description_kind": "plain",
                      "optional": true
                    },
                    "coordinating": {
                      "nested_type": {
                        "attributes": {
                          "autoscaling": {
                            "nested_type": {
                              "attributes": {
                                "max_size": {
                                  "type": "string",
                                  "description": "Maximum size value for the maximum autoscaling setting.",
                                  "description_kind": "plain",
                                  "optional": true,
                                  "computed": true
                                },
                                "max_size_resource": {
                                  "type": "string",
                                  "description": "Maximum resource type for the maximum autoscaling setting.",
                                  "description_kind": "plain",
                                  "optional": true,
                                  "computed": true
                                },
                                "min_size": {
                                  "type": "string",
                                  "description": "Minimum size value for the minimum autoscaling setting.",
                                  "description_kind": "plain",
                                  "optional": true,
                                  "computed": true
                                },
                                "min_size_resource": {
                                  "type": "string",
                                  "description": "Minimum resource type for the minimum autoscaling setting.",
                                  "description_kind": "plain",
                                  "optional": true,
                                  "computed": true
                                },
                                "policy_override_json": {
                                  "type": "string",
                                  "description": "Computed policy overrides set directly via the API or other clients.",
                                  "description_kind": "plain",
                                  "computed": true
                                }
                              },
                              "nesting_mode": "single"
                            },
                            "description": "Optional Elasticsearch autoscaling settings, such a maximum and minimum size and resources.",
                            "description_kind": "plain",
                            "required": true
                          },
                          "instance_configuration_id": {
                            "type": "string",
                            "description": "Computed Instance Configuration ID of the topology element",
                            "description_kind": "plain",
                            "computed": true
                          },
                          "node_roles": {
                            "type": [
                              "set",
                              "string"
                            ],
                            "description": "The computed list of node roles for the current topology element",
                            "description_kind": "plain",
                            "computed": true
                          },
                          "node_type_data": {
                            "type": "string",
                            "description": "The node type for the Elasticsearch Topology element (data node)",
                            "description_kind": "plain",
                            "optional": true,
                            "computed": true
                          },
                          "node_type_ingest": {
                            "type": "string",
                            "description": "The node type for the Elasticsearch Topology element (ingest node)",
                            "description_kind": "plain",
                            "optional": true,
                            "computed": true
                          },
                          "node_type_master": {
                            "type": "string",
                            "description": "The node type for the Elasticsearch Topology element (master node)",
                            "description_kind": "plain",
                            "optional": true,
                            "computed": true
                          },
                          "node_type_ml": {
                            "type": "string",
                            "description": "The node type for the Elasticsearch Topology element (machine learning node)",
                            "description_kind": "plain",
                            "optional": true,
                            "computed": true
                          },
                          "size": {
                            "type": "string",
                            "description": "Amount of \"size_resource\" per node in the \"<size in GB>g\" notation",
                            "description_kind": "plain",
                            "optional": true,
                            "computed": true
                          },
                          "size_resource": {
                            "type": "string",
                            "description": "Size type, defaults to \"memory\".",
                            "description_kind": "plain",
                            "optional": true,
                            "computed": true
                          },
                          "zone_count": {
                            "type": "number",
                            "description": "Number of zones that the Elasticsearch cluster will span. This is used to set HA",
                            "description_kind": "plain",
                            "optional": true,
                            "computed": true
                          }
                        },
                        "nesting_mode": "single"
                      },
                      "description": "'coordinating' topology element",
                      "description_kind": "plain",
                      "optional": true
                    },
                    "extension": {
                      "nested_type": {
                        "attributes": {
                          "name": {
                            "type": "string",
                            "description": "Extension name.",
                            "description_kind": "plain",
                            "required": true
                          },
                          "type": {
                            "type": "string",
                            "description": "Extension type, only `bundle` or `plugin` are supported.",
                            "description_kind": "plain",
                            "required": true
                          },
                          "url": {
                            "type": "string",
                            "description": "Bundle or plugin URL, the extension URL can be obtained from the `ec_deployment_extension.<name>.url` attribute or the API and cannot be a random HTTP address that is hosted elsewhere.",
                            "description_kind": "plain",
                            "required": true
                          },
                          "version": {
                            "type": "string",
                            "description": "Elasticsearch compatibility version. Bundles should specify major or minor versions with wildcards, such as `7.*` or `*` but **plugins must use full version notation down to the patch level**, such as `7.10.1` and wildcards are not allowed.",
                            "description_kind": "plain",
                            "required": true
                          }
                        },
                        "nesting_mode": "set"
                      },
                      "description": "Optional Elasticsearch extensions such as custom bundles or plugins.",
                      "description_kind": "plain",
                      "optional": true
                    },
                    "frozen": {
                      "nested_type": {
                        "attributes": {
                          "autoscaling": {
                            "nested_type": {
                              "attributes": {
                                "max_size": {
                                  "type": "string",
                                  "description": "Maximum size value for the maximum autoscaling setting.",
                                  "description_kind": "plain",
                                  "optional": true,
                                  "computed": true
                                },
                                "max_size_resource": {
                                  "type": "string",
                                  "description": "Maximum resource type for the maximum autoscaling setting.",
                                  "description_kind": "plain",
                                  "optional": true,
                                  "computed": true
                                },
                                "min_size": {
                                  "type": "string",
                                  "description": "Minimum size value for the minimum autoscaling setting.",
                                  "description_kind": "plain",
                                  "optional": true,
                                  "computed": true
                                },
                                "min_size_resource": {
                                  "type": "string",
                                  "description": "Minimum resource type for the minimum autoscaling setting.",
                                  "description_kind": "plain",
                                  "optional": true,
                                  "computed": true
                                },
                                "policy_override_json": {
                                  "type": "string",
                                  "description": "Computed policy overrides set directly via the API or other clients.",
                                  "description_kind": "plain",
                                  "computed": true
                                }
                              },
                              "nesting_mode": "single"
                            },
                            "description": "Optional Elasticsearch autoscaling settings, such a maximum and minimum size and resources.",
                            "description_kind": "plain",
                            "required": true
                          },
                          "instance_configuration_id": {
                            "type": "string",
                            "description": "Computed Instance Configuration ID of the topology element",
                            "description_kind": "plain",
                            "computed": true
                          },
                          "node_roles": {
                            "type": [
                              "set",
                              "string"
                            ],
                            "description": "The computed list of node roles for the current topology element",
                            "description_kind": "plain",
                            "computed": true
                          },
                          "node_type_data": {
                            "type": "string",
                            "description": "The node type for the Elasticsearch Topology element (data node)",
                            "description_kind": "plain",
                            "optional": true,
                            "computed": true
                          },
                          "node_type_ingest": {
                            "type": "string",
                            "description": "The node type for the Elasticsearch Topology element (ingest node)",
                            "description_kind": "plain",
                            "optional": true,
                            "computed": true
                          },
                          "node_type_master": {
                            "type": "string",
                            "description": "The node type for the Elasticsearch Topology element (master node)",
                            "description_kind": "plain",
                            "optional": true,
                            "computed": true
                          },
                          "node_type_ml": {
                            "type": "string",
                            "description": "The node type for the Elasticsearch Topology element (machine learning node)",
                            "description_kind": "plain",
                            "optional": true,
                            "computed": true
                          },
                          "size": {
                            "type": "string",
                            "description": "Amount of \"size_resource\" per node in the \"<size in GB>g\" notation",
                            "description_kind": "plain",
                            "optional": true,
                            "computed": true
                          },
                          "size_resource": {
                            "type": "string",
                            "description": "Size type, defaults to \"memory\".",
                            "description_kind": "plain",
                            "optional": true,
                            "computed": true
                          },
                          "zone_count": {
                            "type": "number",
                            "description": "Number of zones that the Elasticsearch cluster will span. This is used to set HA",
                            "description_kind": "plain",
                            "optional": true,
                            "computed": true
                          }
                        },
                        "nesting_mode": "single"
                      },
                      "description": "'frozen' topology element",
                      "description_kind": "plain",
                      "optional": true
                    },
                    "hot": {
                      "nested_type": {
                        "attributes": {
                          "autoscaling": {
                            "nested_type": {
                              "attributes": {
                                "max_size": {
                                  "type": "string",
                                  "description": "Maximum size value for the maximum autoscaling setting.",
                                  "description_kind": "plain",
                                  "optional": true,
                                  "computed": true
                                },
                                "max_size_resource": {
                                  "type": "string",
                                  "description": "Maximum resource type for the maximum autoscaling setting.",
                                  "description_kind": "plain",
                                  "optional": true,
                                  "computed": true
                                },
                                "min_size": {
                                  "type": "string",
                                  "description": "Minimum size value for the minimum autoscaling setting.",
                                  "description_kind": "plain",
                                  "optional": true,
                                  "computed": true
                                },
                                "min_size_resource": {
                                  "type": "string",
                                  "description": "Minimum resource type for the minimum autoscaling setting.",
                                  "description_kind": "plain",
                                  "optional": true,
                                  "computed": true
                                },
                                "policy_override_json": {
                                  "type": "string",
                                  "description": "Computed policy overrides set directly via the API or other clients.",
                                  "description_kind": "plain",
                                  "computed": true
                                }
                              },
                              "nesting_mode": "single"
                            },
                            "description": "Optional Elasticsearch autoscaling settings, such a maximum and minimum size and resources.",
                            "description_kind": "plain",
                            "required": true
                          },
                          "instance_configuration_id": {
                            "type": "string",
                            "description": "Computed Instance Configuration ID of the topology element",
                            "description_kind": "plain",
                            "computed": true
                          },
                          "node_roles": {
                            "type": [
                              "set",
                              "string"
                            ],
                            "description": "The computed list of node roles for the current topology element",
                            "description_kind": "plain",
                            "computed": true
                          },
                          "node_type_data": {
                            "type": "string",
                            "description": "The node type for the Elasticsearch Topology element (data node)",
                            "description_kind": "plain",
                            "optional": true,
                            "computed": true
                          },
                          "node_type_ingest": {
                            "type": "string",
                            "description": "The node type for the Elasticsearch Topology element (ingest node)",
                            "description_kind": "plain",
                            "optional": true,
                            "computed": true
                          },
                          "node_type_master": {
                            "type": "string",
                            "description": "The node type for the Elasticsearch Topology element (master node)",
                            "description_kind": "plain",
                            "optional": true,
                            "computed": true
                          },
                          "node_type_ml": {
                            "type": "string",
                            "description": "The node type for the Elasticsearch Topology element (machine learning node)",
                            "description_kind": "plain",
                            "optional": true,
                            "computed": true
                          },
                          "size": {
                            "type": "string",
                            "description": "Amount of \"size_resource\" per node in the \"<size in GB>g\" notation",
                            "description_kind": "plain",
                            "optional": true,
                            "computed": true
                          },
                          "size_resource": {
                            "type": "string",
                            "description": "Size type, defaults to \"memory\".",
                            "description_kind": "plain",
                            "optional": true,
                            "computed": true
                          },
                          "zone_count": {
                            "type": "number",
                            "description": "Number of zones that the Elasticsearch cluster will span. This is used to set HA",
                            "description_kind": "plain",
                            "optional": true,
                            "computed": true
                          }
                        },
                        "nesting_mode": "single"
                      },
                      "description": "'hot' topology element",
                      "description_kind": "plain",
                      "required": true
                    },
                    "http_endpoint": {
                      "type": "string",
                      "description": "The Elasticsearch resource HTTP endpoint",
                      "description_kind": "plain",
                      "computed": true
                    },
                    "https_endpoint": {
                      "type": "string",
                      "description": "The Elasticsearch resource HTTPs endpoint",
                      "description_kind": "plain",
                      "computed": true
                    },
                    "keystore_contents": {
                      "nested_type": {
                        "attributes": {
                          "as_file": {
                            "type": "bool",
                            "description": "If true, the secret is handled as a file. Otherwise, it's handled as a plain string.",
                            "description_kind": "plain",
                            "optional": true,
                            "computed": true
                          },
                          "value": {
                            "type": "string",
                            "description": "Secret value. This can either be a string or a JSON object that is stored as a JSON string in the keystore.",
                            "description_kind": "plain",
                            "required": true,
                            "sensitive": true
                          }
                        },
                        "nesting_mode": "map"
                      },
                      "description": "Keystore contents that are controlled by the deployment resource.",
                      "description_kind": "plain",
                      "optional": true
                    },
                    "master": {
                      "nested_type": {
                        "attributes": {
                          "autoscaling": {
                            "nested_type": {
                              "attributes": {
                                "max_size": {
                                  "type": "string",
                                  "description": "Maximum size value for the maximum autoscaling setting.",
                                  "description_kind": "plain",
                                  "optional": true,
                                  "computed": true
                                },
                                "max_size_resource": {
                                  "type": "string",
                                  "description": "Maximum resource type for the maximum autoscaling setting.",
                                  "description_kind": "plain",
                                  "optional": true,
                                  "computed": true
                                },
                                "min_size": {
                                  "type": "string",
                                  "description": "Minimum size value for the minimum autoscaling setting.",
                                  "description_kind": "plain",
                                  "optional": true,
                                  "computed": true
                                },
                                "min_size_resource": {
                                  "type": "string",
                                  "description": "Minimum resource type for the minimum autoscaling setting.",
                                  "description_kind": "plain",
                                  "optional": true,
                                  "computed": true
                                },
                                "policy_override_json": {
                                  "type": "string",
                                  "description": "Computed policy overrides set directly via the API or other clients.",
                                  "description_kind": "plain",
                                  "computed": true
                                }
                              },
                              "nesting_mode": "single"
                            },
                            "description": "Optional Elasticsearch autoscaling settings, such a maximum and minimum size and resources.",
                            "description_kind": "plain",
                            "required": true
                          },
                          "instance_configuration_id": {
                            "type": "string",
                            "description": "Computed Instance Configuration ID of the topology element",
                            "description_kind": "plain",
                            "computed": true
                          },
                          "node_roles": {
                            "type": [
                              "set",
                              "string"
                            ],
                            "description": "The computed list of node roles for the current topology element",
                            "description_kind": "plain",
                            "computed": true
                          },
                          "node_type_data": {
                            "type": "string",
                            "description": "The node type for the Elasticsearch Topology element (data node)",
                            "description_kind": "plain",
                            "optional": true,
                            "computed": true
                          },
                          "node_type_ingest": {
                            "type": "string",
                            "description": "The node type for the Elasticsearch Topology element (ingest node)",
                            "description_kind": "plain",
                            "optional": true,
                            "computed": true
                          },
                          "node_type_master": {
                            "type": "string",
                            "description": "The node type for the Elasticsearch Topology element (master node)",
                            "description_kind": "plain",
                            "optional": true,
                            "computed": true
                          },
                          "node_type_ml": {
                            "type": "string",
                            "description": "The node type for the Elasticsearch Topology element (machine learning node)",
                            "description_kind": "plain",
                            "optional": true,
                            "computed": true
                          },
                          "size": {
                            "type": "string",
                            "description": "Amount of \"size_resource\" per node in the \"<size in GB>g\" notation",
                            "description_kind": "plain",
                            "optional": true,
                            "computed": true
                          },
                          "size_resource": {
                            "type": "string",
                            "description": "Size type, defaults to \"memory\".",
                            "description_kind": "plain",
                            "optional": true,
                            "computed": true
                          },
                          "zone_count": {
                            "type": "number",
                            "description": "Number of zones that the Elasticsearch cluster will span. This is used to set HA",
                            "description_kind": "plain",
                            "optional": true,
                            "computed": true
                          }
                        },
                        "nesting_mode": "single"
                      },
                      "description": "'master' topology element",
                      "description_kind": "plain",
                      "optional": true
                    },
                    "ml": {
                      "nested_type": {
                        "attributes": {
                          "autoscaling": {
                            "nested_type": {
                              "attributes": {
                                "max_size": {
                                  "type": "string",
                                  "description": "Maximum size value for the maximum autoscaling setting.",
                                  "description_kind": "plain",
                                  "optional": true,
                                  "computed": true
                                },
                                "max_size_resource": {
                                  "type": "string",
                                  "description": "Maximum resource type for the maximum autoscaling setting.",
                                  "description_kind": "plain",
                                  "optional": true,
                                  "computed": true
                                },
                                "min_size": {
                                  "type": "string",
                                  "description": "Minimum size value for the minimum autoscaling setting.",
                                  "description_kind": "plain",
                                  "optional": true,
                                  "computed": true
                                },
                                "min_size_resource": {
                                  "type": "string",
                                  "description": "Minimum resource type for the minimum autoscaling setting.",
                                  "description_kind": "plain",
                                  "optional": true,
                                  "computed": true
                                },
                                "policy_override_json": {
                                  "type": "string",
                                  "description": "Computed policy overrides set directly via the API or other clients.",
                                  "description_kind": "plain",
                                  "computed": true
                                }
                              },
                              "nesting_mode": "single"
                            },
                            "description": "Optional Elasticsearch autoscaling settings, such a maximum and minimum size and resources.",
                            "description_kind": "plain",
                            "required": true
                          },
                          "instance_configuration_id": {
                            "type": "string",
                            "description": "Computed Instance Configuration ID of the topology element",
                            "description_kind": "plain",
                            "computed": true
                          },
                          "node_roles": {
                            "type": [
                              "set",
                              "string"
                            ],
                            "description": "The computed list of node roles for the current topology element",
                            "description_kind": "plain",
                            "computed": true
                          },
                          "node_type_data": {
                            "type": "string",
                            "description": "The node type for the Elasticsearch Topology element (data node)",
                            "description_kind": "plain",
                            "optional": true,
                            "computed": true
                          },
                          "node_type_ingest": {
                            "type": "string",
                            "description": "The node type for the Elasticsearch Topology element (ingest node)",
                            "description_kind": "plain",
                            "optional": true,
                            "computed": true
                          },
                          "node_type_master": {
                            "type": "string",
                            "description": "The node type for the Elasticsearch Topology element (master node)",
                            "description_kind": "plain",
                            "optional": true,
                            "computed": true
                          },
                          "node_type_ml": {
                            "type": "string",
                            "description": "The node type for the Elasticsearch Topology element (machine learning node)",
                            "description_kind": "plain",
                            "optional": true,
                            "computed": true
                          },
                          "size": {
                            "type": "string",
                            "description": "Amount of \"size_resource\" per node in the \"<size in GB>g\" notation",
                            "description_kind": "plain",
                            "optional": true,
                            "computed": true
                          },
                          "size_resource": {
                            "type": "string",
                            "description": "Size type, defaults to \"memory\".",
                            "description_kind": "plain",
                            "optional": true,
                            "computed": true
                          },
                          "zone_count": {
                            "type": "number",
                            "description": "Number of zones that the Elasticsearch cluster will span. This is used to set HA",
                            "description_kind": "plain",
                            "optional": true,
                            "computed": true
                          }
                        },
                        "nesting_mode": "single"
                      },
                      "description": "'ml' topology element",
                      "description_kind": "plain",
                      "optional": true
                    },
                    "ref_id": {
                      "type": "string",
                      "description": "A human readable reference for the Elasticsearch resource. The default value `main-elasticsearch` is recommended.",
                      "description_kind": "plain",
                      "optional": true,
                      "computed": true
                    },
                    "region": {
                      "type": "string",
                      "description": "The Elasticsearch resource region",
                      "description_kind": "plain",
                      "computed": true
                    },
                    "remote_cluster": {
                      "nested_type": {
                        "attributes": {
                          "alias": {
                            "type": "string",
                            "description": "Alias for this Cross Cluster Search binding",
                            "description_kind": "plain",
                            "required": true
                          },
                          "deployment_id": {
                            "type": "string",
                            "description": "Remote deployment ID",
                            "description_kind": "plain",
                            "required": true
                          },
                          "ref_id": {
                            "type": "string",
                            "description": "Remote elasticsearch \"ref_id\", it is best left to the default value",
                            "description_kind": "plain",
                            "optional": true,
                            "computed": true
                          },
                          "skip_unavailable": {
                            "type": "bool",
                            "description": "If true, skip the cluster during search when disconnected",
                            "description_kind": "plain",
                            "optional": true,
                            "computed": true
                          }
                        },
                        "nesting_mode": "set"
                      },
                      "description": "Optional Elasticsearch remote clusters to configure for the Elasticsearch resource, can be set multiple times",
                      "description_kind": "plain",
                      "optional": true
                    },
                    "resource_id": {
                      "type": "string",
                      "description": "The Elasticsearch resource unique identifier",
                      "description_kind": "plain",
                      "computed": true
                    },
                    "snapshot": {
                      "nested_type": {
                        "attributes": {
                          "enabled": {
                            "type": "bool",
                            "description": "Indicates if Snapshotting is enabled.",
                            "description_kind": "plain",
                            "required": true
                          },
                          "repository": {
                            "nested_type": {
                              "attributes": {
                                "reference": {
                                  "nested_type": {
                                    "attributes": {
                                      "repository_name": {
                                        "type": "string",
                                        "description": "ECE snapshot repository name, from the '/platform/configuration/snapshots/repositories' endpoint",
                                        "description_kind": "plain",
                                        "required": true
                                      }
                                    },
                                    "nesting_mode": "single"
                                  },
                                  "description": "Cluster snapshot reference repository settings, containing the repository name in ECE fashion",
                                  "description_kind": "plain",
                                  "optional": true,
                                  "computed": true
                                }
                              },
                              "nesting_mode": "single"
                            },
                            "description": "Snapshot repository configuration",
                            "description_kind": "plain",
                            "optional": true,
                            "computed": true
                          }
                        },
                        "nesting_mode": "single"
                      },
                      "description": "(ECE only) Snapshot configuration settings for an Elasticsearch cluster.\n\nFor ESS please use the [elasticstack_elasticsearch_snapshot_repository](https://registry.terraform.io/providers/elastic/elasticstack/latest/docs/resources/elasticsearch_snapshot_repository) resource from the [Elastic Stack terraform provider](https://registry.terraform.io/providers/elastic/elasticstack/latest).",
                      "description_kind": "plain",
                      "optional": true,
                      "computed": true
                    },
                    "snapshot_source": {
                      "nested_type": {
                        "attributes": {
                          "snapshot_name": {
                            "type": "string",
                            "description": "Name of the snapshot to restore. Use '__latest_success__' to get the most recent successful snapshot.",
                            "description_kind": "plain",
                            "optional": true,
                            "computed": true
                          },
                          "source_elasticsearch_cluster_id": {
                            "type": "string",
                            "description": "ID of the Elasticsearch cluster that will be used as the source of the snapshot",
                            "description_kind": "plain",
                            "required": true
                          }
                        },
                        "nesting_mode": "single"
                      },
                      "description": "Restores data from a snapshot of another deployment.\n\n~> **Note on behavior** The <code>snapshot_source</code> block will not be saved in the Terraform state due to its transient nature. This means that whenever the <code>snapshot_source</code> block is set, a snapshot will **always be restored**, unless removed before running <code>terraform apply</code>.",
                      "description_kind": "plain",
                      "optional": true
                    },
                    "strategy": {
                      "type": "string",
                      "description": "Configuration strategy type autodetect, grow_and_shrink, rolling_grow_and_shrink, rolling_all",
                      "description_kind": "plain",
                      "optional": true
                    },
                    "trust_account": {
                      "nested_type": {
                        "attributes": {
                          "account_id": {
                            "type": "string",
                            "description": "The ID of the Account.",
                            "description_kind": "plain",
                            "required": true
                          },
                          "trust_all": {
                            "type": "bool",
                            "description": "If true, all clusters in this account will by default be trusted and the `trust_allowlist` is ignored.",
                            "description_kind": "plain",
                            "required": true
                          },
                          "trust_allowlist": {
                            "type": [
                              "set",
                              "string"
                            ],
                            "description": "The list of clusters to trust. Only used when `trust_all` is false.",
                            "description_kind": "plain",
                            "optional": true
                          }
                        },
                        "nesting_mode": "set"
                      },
                      "description": "Optional Elasticsearch account trust settings.",
                      "description_kind": "plain",
                      "optional": true,
                      "computed": true
                    },
                    "trust_external": {
                      "nested_type": {
                        "attributes": {
                          "relationship_id": {
                            "type": "string",
                            "description": "The ID of the external trust relationship.",
                            "description_kind": "plain",
                            "required": true
                          },
                          "trust_all": {
                            "type": "bool",
                            "description": "If true, all clusters in this account will by default be trusted and the `trust_allowlist` is ignored.",
                            "description_kind": "plain",
                            "required": true
                          },
                          "trust_allowlist": {
                            "type": [
                              "set",
                              "string"
                            ],
                            "description": "The list of clusters to trust. Only used when `trust_all` is false.",
                            "description_kind": "plain",
                            "optional": true
                          }
                        },
                        "nesting_mode": "set"
                      },
                      "description": "Optional Elasticsearch external trust settings.",
                      "description_kind": "plain",
                      "optional": true,
                      "computed": true
                    },
                    "warm": {
                      "nested_type": {
                        "attributes": {
                          "autoscaling": {
                            "nested_type": {
                              "attributes": {
                                "max_size": {
                                  "type": "string",
                                  "description": "Maximum size value for the maximum autoscaling setting.",
                                  "description_kind": "plain",
                                  "optional": true,
                                  "computed": true
                                },
                                "max_size_resource": {
                                  "type": "string",
                                  "description": "Maximum resource type for the maximum autoscaling setting.",
                                  "description_kind": "plain",
                                  "optional": true,
                                  "computed": true
                                },
                                "min_size": {
                                  "type": "string",
                                  "description": "Minimum size value for the minimum autoscaling setting.",
                                  "description_kind": "plain",
                                  "optional": true,
                                  "computed": true
                                },
                                "min_size_resource": {
                                  "type": "string",
                                  "description": "Minimum resource type for the minimum autoscaling setting.",
                                  "description_kind": "plain",
                                  "optional": true,
                                  "computed": true
                                },
                                "policy_override_json": {
                                  "type": "string",
                                  "description": "Computed policy overrides set directly via the API or other clients.",
                                  "description_kind": "plain",
                                  "computed": true
                                }
                              },
                              "nesting_mode": "single"
                            },
                            "description": "Optional Elasticsearch autoscaling settings, such a maximum and minimum size and resources.",
                            "description_kind": "plain",
                            "required": true
                          },
                          "instance_configuration_id": {
                            "type": "string",
                            "description": "Computed Instance Configuration ID of the topology element",
                            "description_kind": "plain",
                            "computed": true
                          },
                          "node_roles": {
                            "type": [
                              "set",
                              "string"
                            ],
                            "description": "The computed list of node roles for the current topology element",
                            "description_kind": "plain",
                            "computed": true
                          },
                          "node_type_data": {
                            "type": "string",
                            "description": "The node type for the Elasticsearch Topology element (data node)",
                            "description_kind": "plain",
                            "optional": true,
                            "computed": true
                          },
                          "node_type_ingest": {
                            "type": "string",
                            "description": "The node type for the Elasticsearch Topology element (ingest node)",
                            "description_kind": "plain",
                            "optional": true,
                            "computed": true
                          },
                          "node_type_master": {
                            "type": "string",
                            "description": "The node type for the Elasticsearch Topology element (master node)",
                            "description_kind": "plain",
                            "optional": true,
                            "computed": true
                          },
                          "node_type_ml": {
                            "type": "string",
                            "description": "The node type for the Elasticsearch Topology element (machine learning node)",
                            "description_kind": "plain",
                            "optional": true,
                            "computed": true
                          },
                          "size": {
                            "type": "string",
                            "description": "Amount of \"size_resource\" per node in the \"<size in GB>g\" notation",
                            "description_kind": "plain",
                            "optional": true,
                            "computed": true
                          },
                          "size_resource": {
                            "type": "string",
                            "description": "Size type, defaults to \"memory\".",
                            "description_kind": "plain",
                            "optional": true,
                            "computed": true
                          },
                          "zone_count": {
                            "type": "number",
                            "description": "Number of zones that the Elasticsearch cluster will span. This is used to set HA",
                            "description_kind": "plain",
                            "optional": true,
                            "computed": true
                          }
                        },
                        "nesting_mode": "single"
                      },
                      "description": "'warm' topology element",
                      "description_kind": "plain",
                      "optional": true
                    }
                  },
                  "nesting_mode": "single"
                },
                "description": "Elasticsearch cluster definition",
                "description_kind": "plain",
                "required": true
              },
              "elasticsearch_password": {
                "type": "string",
                "description": "Password for authenticating to the Elasticsearch resource.\n\n~> **Note on deployment credentials** The <code>elastic</code> user credentials are only available whilst creating a deployment. Importing a deployment will not import the <code>elasticsearch_username</code> or <code>elasticsearch_password</code> attributes.",
                "description_kind": "plain",
                "computed": true,
                "sensitive": true
              },
              "elasticsearch_username": {
                "type": "string",
                "description": "Username for authenticating to the Elasticsearch resource.",
                "description_kind": "plain",
                "computed": true
              },
              "enterprise_search": {
                "nested_type": {
                  "attributes": {
                    "config": {
                      "nested_type": {
                        "attributes": {
                          "docker_image": {
                            "type": "string",
                            "description": "Optionally override the docker image the Enterprise Search nodes will use. Note that this field will only work for internal users only.",
                            "description_kind": "plain",
                            "optional": true
                          },
                          "user_settings_json": {
                            "type": "string",
                            "description": "An arbitrary JSON object allowing (non-admin) cluster owners to set their parameters (only one of this and 'user_settings_yaml' is allowed), provided they are on the whitelist ('user_settings_whitelist') and not on the blacklist ('user_settings_blacklist'). (This field together with 'user_settings_override*' and 'system_settings' defines the total set of resource settings)",
                            "description_kind": "plain",
                            "optional": true
                          },
                          "user_settings_override_json": {
                            "type": "string",
                            "description": "An arbitrary JSON object allowing ECE admins owners to set clusters' parameters (only one of this and 'user_settings_override_yaml' is allowed), ie in addition to the documented 'system_settings'. (This field together with 'system_settings' and 'user_settings*' defines the total set of resource settings)",
                            "description_kind": "plain",
                            "optional": true
                          },
                          "user_settings_override_yaml": {
                            "type": "string",
                            "description": "An arbitrary YAML object allowing ECE admins owners to set clusters' parameters (only one of this and 'user_settings_override_json' is allowed), ie in addition to the documented 'system_settings'. (This field together with 'system_settings' and 'user_settings*' defines the total set of resource settings)",
                            "description_kind": "plain",
                            "optional": true
                          },
                          "user_settings_yaml": {
                            "type": "string",
                            "description": "An arbitrary YAML object allowing (non-admin) cluster owners to set their parameters (only one of this and 'user_settings_json' is allowed), provided they are on the whitelist ('user_settings_whitelist') and not on the blacklist ('user_settings_blacklist'). (These field together with 'user_settings_override*' and 'system_settings' defines the total set of resource settings)",
                            "description_kind": "plain",
                            "optional": true
                          }
                        },
                        "nesting_mode": "single"
                      },
                      "description": "Optionally define the Enterprise Search configuration options for the Enterprise Search Server",
                      "description_kind": "plain",
                      "optional": true
                    },
                    "elasticsearch_cluster_ref_id": {
                      "type": "string",
                      "description_kind": "plain",
                      "optional": true,
                      "computed": true
                    },
                    "http_endpoint": {
                      "type": "string",
                      "description_kind": "plain",
                      "computed": true
                    },
                    "https_endpoint": {
                      "type": "string",
                      "description_kind": "plain",
                      "computed": true
                    },
                    "instance_configuration_id": {
                      "type": "string",
                      "description_kind": "plain",
                      "optional": true,
                      "computed": true
                    },
                    "node_type_appserver": {
                      "type": "bool",
                      "description_kind": "plain",
                      "computed": true
                    },
                    "node_type_connector": {
                      "type": "bool",
                      "description_kind": "plain",
                      "computed": true
                    },
                    "node_type_worker": {
                      "type": "bool",
                      "description_kind": "plain",
                      "computed": true
                    },
                    "ref_id": {
                      "type": "string",
                      "description_kind": "plain",
                      "optional": true,
                      "computed": true
                    },
                    "region": {
                      "type": "string",
                      "description_kind": "plain",
                      "computed": true
                    },
                    "resource_id": {
                      "type": "string",
                      "description_kind": "plain",
                      "computed": true
                    },
                    "size": {
                      "type": "string",
                      "description_kind": "plain",
                      "optional": true,
                      "computed": true
                    },
                    "size_resource": {
                      "type": "string",
                      "description": "Optional size type, defaults to \"memory\".",
                      "description_kind": "plain",
                      "optional": true,
                      "computed": true
                    },
                    "zone_count": {
                      "type": "number",
                      "description_kind": "plain",
                      "optional": true,
                      "computed": true
                    }
                  },
                  "nesting_mode": "single"
                },
                "description": "Enterprise Search cluster definition.",
                "description_kind": "plain",
                "optional": true
              },
              "id": {
                "type": "string",
                "description": "Unique identifier of this deployment.",
                "description_kind": "markdown",
                "computed": true
              },
              "integrations_server": {
                "nested_type": {
                  "attributes": {
                    "config": {
                      "nested_type": {
                        "attributes": {
                          "debug_enabled": {
                            "type": "bool",
                            "description": "Optionally enable debug mode for Integrations Server instances - defaults to false",
                            "description_kind": "plain",
                            "optional": true,
                            "computed": true
                          },
                          "docker_image": {
                            "type": "string",
                            "description": "Optionally override the docker image the Integrations Server nodes will use. Note that this field will only work for internal users only.",
                            "description_kind": "plain",
                            "optional": true
                          },
                          "user_settings_json": {
                            "type": "string",
                            "description": "An arbitrary JSON object allowing (non-admin) cluster owners to set their parameters (only one of this and 'user_settings_yaml' is allowed), provided they are on the whitelist ('user_settings_whitelist') and not on the blacklist ('user_settings_blacklist'). (This field together with 'user_settings_override*' and 'system_settings' defines the total set of resource settings)",
                            "description_kind": "plain",
                            "optional": true
                          },
                          "user_settings_override_json": {
                            "type": "string",
                            "description": "An arbitrary JSON object allowing ECE admins owners to set clusters' parameters (only one of this and 'user_settings_override_yaml' is allowed), ie in addition to the documented 'system_settings'. (This field together with 'system_settings' and 'user_settings*' defines the total set of resource settings)",
                            "description_kind": "plain",
                            "optional": true
                          },
                          "user_settings_override_yaml": {
                            "type": "string",
                            "description": "An arbitrary YAML object allowing ECE admins owners to set clusters' parameters (only one of this and 'user_settings_override_json' is allowed), ie in addition to the documented 'system_settings'. (This field together with 'system_settings' and 'user_settings*' defines the total set of resource settings)",
                            "description_kind": "plain",
                            "optional": true
                          },
                          "user_settings_yaml": {
                            "type": "string",
                            "description": "An arbitrary YAML object allowing (non-admin) cluster owners to set their parameters (only one of this and 'user_settings_json' is allowed), provided they are on the whitelist ('user_settings_whitelist') and not on the blacklist ('user_settings_blacklist'). (These field together with 'user_settings_override*' and 'system_settings' defines the total set of resource settings)",
                            "description_kind": "plain",
                            "optional": true
                          }
                        },
                        "nesting_mode": "single"
                      },
                      "description": "Optionally define the Integrations Server configuration options for the IntegrationsServer Server",
                      "description_kind": "plain",
                      "optional": true
                    },
                    "elasticsearch_cluster_ref_id": {
                      "type": "string",
                      "description_kind": "plain",
                      "optional": true,
                      "computed": true
                    },
                    "endpoints": {
                      "type": [
                        "object",
                        {
                          "apm": "string",
                          "fleet": "string"
                        }
                      ],
                      "description": "URLs for the accessing the Fleet and APM API's within this Integrations Server resource.",
                      "description_kind": "plain",
                      "optional": true,
                      "computed": true
                    },
                    "http_endpoint": {
                      "type": "string",
                      "description_kind": "plain",
                      "computed": true
                    },
                    "https_endpoint": {
                      "type": "string",
                      "description_kind": "plain",
                      "computed": true
                    },
                    "instance_configuration_id": {
                      "type": "string",
                      "description_kind": "plain",
                      "optional": true,
                      "computed": true
                    },
                    "ref_id": {
                      "type": "string",
                      "description_kind": "plain",
                      "optional": true,
                      "computed": true
                    },
                    "region": {
                      "type": "string",
                      "description_kind": "plain",
                      "computed": true
                    },
                    "resource_id": {
                      "type": "string",
                      "description_kind": "plain",
                      "computed": true
                    },
                    "size": {
                      "type": "string",
                      "description_kind": "plain",
                      "optional": true,
                      "computed": true
                    },
                    "size_resource": {
                      "type": "string",
                      "description": "Optional size type, defaults to \"memory\".",
                      "description_kind": "plain",
                      "optional": true,
                      "computed": true
                    },
                    "zone_count": {
                      "type": "number",
                      "description_kind": "plain",
                      "optional": true,
                      "computed": true
                    }
                  },
                  "nesting_mode": "single"
                },
                "description": "Integrations Server cluster definition. Integrations Server replaces `apm` in Stack versions > 8.0",
                "description_kind": "plain",
                "optional": true
              },
              "kibana": {
                "nested_type": {
                  "attributes": {
                    "config": {
                      "nested_type": {
                        "attributes": {
                          "docker_image": {
                            "type": "string",
                            "description": "Optionally override the docker image the Kibana nodes will use. Note that this field will only work for internal users only.",
                            "description_kind": "plain",
                            "optional": true
                          },
                          "user_settings_json": {
                            "type": "string",
                            "description": "An arbitrary JSON object allowing (non-admin) cluster owners to set their parameters (only one of this and 'user_settings_yaml' is allowed), provided they are on the whitelist ('user_settings_whitelist') and not on the blacklist ('user_settings_blacklist'). (This field together with 'user_settings_override*' and 'system_settings' defines the total set of resource settings)",
                            "description_kind": "plain",
                            "optional": true
                          },
                          "user_settings_override_json": {
                            "type": "string",
                            "description": "An arbitrary JSON object allowing ECE admins owners to set clusters' parameters (only one of this and 'user_settings_override_yaml' is allowed), ie in addition to the documented 'system_settings'. (This field together with 'system_settings' and 'user_settings*' defines the total set of resource settings)",
                            "description_kind": "plain",
                            "optional": true
                          },
                          "user_settings_override_yaml": {
                            "type": "string",
                            "description": "An arbitrary YAML object allowing ECE admins owners to set clusters' parameters (only one of this and 'user_settings_override_json' is allowed), ie in addition to the documented 'system_settings'. (This field together with 'system_settings' and 'user_settings*' defines the total set of resource settings)",
                            "description_kind": "plain",
                            "optional": true
                          },
                          "user_settings_yaml": {
                            "type": "string",
                            "description": "An arbitrary YAML object allowing (non-admin) cluster owners to set their parameters (only one of this and 'user_settings_json' is allowed), provided they are on the whitelist ('user_settings_whitelist') and not on the blacklist ('user_settings_blacklist'). (These field together with 'user_settings_override*' and 'system_settings' defines the total set of resource settings)",
                            "description_kind": "plain",
                            "optional": true
                          }
                        },
                        "nesting_mode": "single"
                      },
                      "description": "Optionally define the Kibana configuration options for the Kibana Server",
                      "description_kind": "plain",
                      "optional": true
                    },
                    "elasticsearch_cluster_ref_id": {
                      "type": "string",
                      "description_kind": "plain",
                      "optional": true,
                      "computed": true
                    },
                    "http_endpoint": {
                      "type": "string",
                      "description_kind": "plain",
                      "computed": true
                    },
                    "https_endpoint": {
                      "type": "string",
                      "description_kind": "plain",
                      "computed": true
                    },
                    "instance_configuration_id": {
                      "type": "string",
                      "description_kind": "plain",
                      "optional": true,
                      "computed": true
                    },
                    "ref_id": {
                      "type": "string",
                      "description_kind": "plain",
                      "optional": true,
                      "computed": true
                    },
                    "region": {
                      "type": "string",
                      "description_kind": "plain",
                      "computed": true
                    },
                    "resource_id": {
                      "type": "string",
                      "description_kind": "plain",
                      "computed": true
                    },
                    "size": {
                      "type": "string",
                      "description_kind": "plain",
                      "optional": true,
                      "computed": true
                    },
                    "size_resource": {
                      "type": "string",
                      "description": "Optional size type, defaults to \"memory\".",
                      "description_kind": "plain",
                      "optional": true,
                      "computed": true
                    },
                    "zone_count": {
                      "type": "number",
                      "description_kind": "plain",
                      "optional": true,
                      "computed": true
                    }
                  },
                  "nesting_mode": "single"
                },
                "description": "Kibana cluster definition.\n\n-> **Note on disabling Kibana** While optional it is recommended deployments specify a Kibana block, since not doing so might cause issues when modifying or upgrading the deployment.",
                "description_kind": "plain",
                "optional": true
              },
              "name": {
                "type": "string",
                "description": "Name for the deployment",
                "description_kind": "plain",
                "optional": true
              },
              "observability": {
                "nested_type": {
                  "attributes": {
                    "deployment_id": {
                      "type": "string",
                      "description_kind": "plain",
                      "required": true
                    },
                    "logs": {
                      "type": "bool",
                      "description_kind": "plain",
                      "optional": true,
                      "computed": true
                    },
                    "metrics": {
                      "type": "bool",
                      "description_kind": "plain",
                      "optional": true,
                      "computed": true
                    },
                    "ref_id": {
                      "type": "string",
                      "description_kind": "plain",
                      "optional": true,
                      "computed": true
                    }
                  },
                  "nesting_mode": "single"
                },
                "description": "Observability settings that you can set to ship logs and metrics to a deployment. The target deployment can also be the current deployment itself by setting observability.deployment_id to `self`.",
                "description_kind": "plain",
                "optional": true
              },
              "region": {
                "type": "string",
                "description": "Elasticsearch Service (ESS) region where the deployment should be hosted. For Elastic Cloud Enterprise (ECE) installations, set to `\"ece-region\".",
                "description_kind": "plain",
                "required": true
              },
              "request_id": {
                "type": "string",
                "description": "Request ID to set when you create the deployment. Use it only when previous attempts return an error and `request_id` is returned as part of the error.",
                "description_kind": "plain",
                "optional": true,
                "computed": true
              },
              "reset_elasticsearch_password": {
                "type": "bool",
                "description": "Explicitly resets the elasticsearch_password when true",
                "description_kind": "plain",
                "optional": true
              },
              "tags": {
                "type": [
                  "map",
                  "string"
                ],
                "description": "Optional map of deployment tags",
                "description_kind": "plain",
                "optional": true
              },
              "traffic_filter": {
                "type": [
                  "set",
                  "string"
                ],
                "description": "List of traffic filters rule identifiers that will be applied to the deployment.",
                "description_kind": "plain",
                "optional": true,
                "computed": true
              },
              "version": {
                "type": "string",
                "description": "Elastic Stack version to use for all of the deployment resources.\n\n-> Read the [ESS stack version policy](https://www.elastic.co/guide/en/cloud/current/ec-version-policy.html#ec-version-policy-available) to understand which versions are available.",
                "description_kind": "plain",
                "required": true
              }
            },
            "description": "Provides an Elastic Cloud deployment resource, which allows deployments to be created, updated, and deleted.",
            "description_kind": "markdown"
          }
        },
        "ec_deployment_elasticsearch_keystore": {
          "version": 0,
          "block": {
            "attributes": {
              "as_file": {
                "type": "bool",
                "description": "Indicates the the remote keystore setting should be stored as a file. The default is false, which stores the keystore setting as string when value is a plain string.",
                "description_kind": "plain",
                "optional": true,
                "computed": true
              },
              "deployment_id": {
                "type": "string",
                "description": "Deployment ID of the Deployment that holds the Elasticsearch cluster where the keystore setting will be written to.",
                "description_kind": "plain",
                "required": true
              },
              "id": {
                "type": "string",
                "description": "Unique identifier of this resource.",
                "description_kind": "markdown",
                "computed": true
              },
              "setting_name": {
                "type": "string",
                "description": "Name for the keystore setting, if the setting already exists in the Elasticsearch cluster, it will be overridden.",
                "description_kind": "plain",
                "required": true
              },
              "value": {
                "type": "string",
                "description": "Value of this setting. This can either be a string or a JSON object that is stored as a JSON string in the keystore.",
                "description_kind": "plain",
                "required": true,
                "sensitive": true
              }
            },
            "description": "Provides an Elastic Cloud Deployment Elasticsearch keystore resource, which allows you to create and update Elasticsearch keystore settings.\n\n  Elasticsearch keystore settings can be created and updated through this resource, **each resource represents a single Elasticsearch Keystore setting**. After adding a key and its secret value to the keystore, you can use the key in place of the secret value when you configure sensitive settings.\n\n  ~> **Note on Elastic keystore settings** This resource offers weaker consistency guarantees and will not detect and update keystore setting values that have been modified outside of the scope of Terraform, usually referred to as _drift_. For example, consider the following scenario:\n    1. A keystore setting is created using this resource.\n    2. The keystore setting's value is modified to a different value using the Elasticsearch Service API.\n    3. Running <code>terraform apply</code> fails to detect the changes and does not update the keystore setting to the value defined in the terraform configuration.\n    To force the keystore setting to the value it is configured to hold, you may want to taint the resource and force its recreation.\n\n  Before you create Elasticsearch keystore settings, check the [official Elasticsearch keystore documentation](https://www.elastic.co/guide/en/elasticsearch/reference/master/elasticsearch-keystore.html) and the [Elastic Cloud specific documentation](https://www.elastic.co/guide/en/cloud/current/ec-configuring-keystore.html).",
            "description_kind": "plain"
          }
        },
        "ec_deployment_extension": {
          "version": 0,
          "block": {
            "attributes": {
              "description": {
                "type": "string",
                "description": "Description for the extension",
                "description_kind": "plain",
                "optional": true,
                "computed": true
              },
              "download_url": {
                "type": "string",
                "description": "The URL to download the extension archive.",
                "description_kind": "plain",
                "optional": true,
                "computed": true
              },
              "extension_type": {
                "type": "string",
                "description": "Extension type. Must be `bundle` or `plugin`. A `bundle` will usually contain a dictionary or script, where a `plugin` is compiled from source.",
                "description_kind": "plain",
                "required": true
              },
              "file_hash": {
                "type": "string",
                "description": "Hash value of the file. Triggers re-uploading the file on change.",
                "description_kind": "plain",
                "optional": true
              },
              "file_path": {
                "type": "string",
                "description": "Local file path to upload as the extension.",
                "description_kind": "plain",
                "optional": true
              },
              "id": {
                "type": "string",
                "description": "Unique identifier of this resource.",
                "description_kind": "markdown",
                "computed": true
              },
              "last_modified": {
                "type": "string",
                "description": "The datatime the extension was last modified.",
                "description_kind": "plain",
                "computed": true
              },
              "name": {
                "type": "string",
                "description": "Name of the extension",
                "description_kind": "plain",
                "required": true
              },
              "size": {
                "type": "number",
                "description": "The size of the extension file in bytes.",
                "description_kind": "plain",
                "computed": true
              },
              "url": {
                "type": "string",
                "description": "The extension URL which will be used in the Elastic Cloud deployment plan.",
                "description_kind": "plain",
                "computed": true
              },
              "version": {
                "type": "string",
                "description": "Elastic stack version. A full version (e.g 8.7.0) should be set for plugins. A wildcard (e.g 8.*) may be used for bundles.",
                "description_kind": "plain",
                "required": true
              }
            },
            "description": "\n  Provides an Elastic Cloud extension resource, which allows extensions to be created, updated, and deleted.\n\n  Extensions allow users of Elastic Cloud to use custom plugins, scripts, or dictionaries to enhance the core functionality of Elasticsearch. Before you install an extension, be sure to check out the supported and official [Elasticsearch plugins](https://www.elastic.co/guide/en/elasticsearch/plugins/current/index.html) already available.\n\n  **Tip :** If you experience timeouts when uploading an extension through a slow network, you might need to increase the [timeout setting](https://registry.terraform.io/providers/elastic/ec/latest/docs#timeout).\n",
            "description_kind": "plain"
          }
        },
        "ec_deployment_traffic_filter": {
          "version": 0,
          "block": {
            "attributes": {
              "description": {
                "type": "string",
                "description": "Ruleset description",
                "description_kind": "plain",
                "optional": true
              },
              "id": {
                "type": "string",
                "description": "Unique identifier of this resource.",
                "description_kind": "markdown",
                "computed": true
              },
              "include_by_default": {
                "type": "bool",
                "description": "Indicates that the ruleset should be automatically included in new deployments (Defaults to false)",
                "description_kind": "plain",
                "optional": true,
                "computed": true
              },
              "name": {
                "type": "string",
                "description": "Name of the ruleset",
                "description_kind": "plain",
                "required": true
              },
              "region": {
                "type": "string",
                "description": "Filter region, the ruleset can only be attached to deployments in the specific region",
                "description_kind": "plain",
                "required": true
              },
              "type": {
                "type": "string",
                "description": "Type of the ruleset. It can be `ip`, `vpce`, `azure_private_endpoint`, or `gcp_private_service_connect_endpoint`",
                "description_kind": "plain",
                "required": true
              }
            },
            "block_types": {
              "rule": {
                "nesting_mode": "set",
                "block": {
                  "attributes": {
                    "azure_endpoint_guid": {
                      "type": "string",
                      "description": "Azure endpoint GUID. Only applicable when the ruleset type is set to `azure_private_endpoint`",
                      "description_kind": "plain",
                      "optional": true
                    },
                    "azure_endpoint_name": {
                      "type": "string",
                      "description": "Azure endpoint name. Only applicable when the ruleset type is set to `azure_private_endpoint`",
                      "description_kind": "plain",
                      "optional": true
                    },
                    "description": {
                      "type": "string",
                      "description": "Description of this individual rule",
                      "description_kind": "plain",
                      "optional": true
                    },
                    "id": {
                      "type": "string",
                      "description": "Computed rule ID",
                      "description_kind": "plain",
                      "computed": true
                    },
                    "source": {
                      "type": "string",
                      "description": "Traffic filter source: IP address, CIDR mask, or VPC endpoint ID, **only required** when the type is not `azure_private_endpoint`",
                      "description_kind": "plain",
                      "optional": true
                    }
                  },
                  "description": "Set of rules, which the ruleset is made of.",
                  "description_kind": "plain"
                }
              }
            },
            "description": "Provides an Elastic Cloud traffic filter resource, which allows traffic filter rules to be created, updated, and deleted. Traffic filter rules are used to limit inbound traffic to deployment resources.\n\n  ~> **Note on traffic filters** If you use traffic_filter on an ec_deployment, Terraform will manage the full set of traffic rules for the deployment, and treat additional traffic filters as drift. For this reason, traffic_filter cannot be mixed with the ec_deployment_traffic_filter_association resource for a given deployment.",
            "description_kind": "plain"
          }
        },
        "ec_deployment_traffic_filter_association": {
          "version": 0,
          "block": {
            "attributes": {
              "deployment_id": {
                "type": "string",
                "description": "Required deployment ID where the traffic filter will be associated",
                "description_kind": "plain",
                "required": true
              },
              "id": {
                "type": "string",
                "description": "Unique identifier of this resource.",
                "description_kind": "markdown",
                "computed": true
              },
              "traffic_filter_id": {
                "type": "string",
                "description": "Required traffic filter ruleset ID to tie to a deployment",
                "description_kind": "plain",
                "required": true
              }
            },
            "description": "Provides an Elastic Cloud traffic filter association resource, which allows traffic filter rules to be associated to an Elastic Cloud deployment outside of the control of Terraform. Associations can be created and deleted.",
            "description_kind": "plain"
          }
        },
        "ec_snapshot_repository": {
          "version": 0,
          "block": {
            "attributes": {
              "generic": {
                "nested_type": {
                  "attributes": {
                    "settings": {
                      "type": "string",
                      "description": "An arbitrary JSON object containing the repository settings.",
                      "description_kind": "plain",
                      "required": true
                    },
                    "type": {
                      "type": "string",
                      "description": "Repository type",
                      "description_kind": "plain",
                      "required": true
                    }
                  },
                  "nesting_mode": "single"
                },
                "description": "Generic repository settings.",
                "description_kind": "plain",
                "optional": true
              },
              "id": {
                "type": "string",
                "description": "Unique identifier of this resource.",
                "description_kind": "markdown",
                "computed": true
              },
              "name": {
                "type": "string",
                "description": "The name of the snapshot repository configuration.",
                "description_kind": "plain",
                "required": true
              },
              "s3": {
                "nested_type": {
                  "attributes": {
                    "access_key": {
                      "type": "string",
                      "description": "An S3 access key. If set, the secret_key setting must also be specified. If unset, the client will use the instance or container role instead.",
                      "description_kind": "plain",
                      "optional": true
                    },
                    "bucket": {
                      "type": "string",
                      "description": "Name of the S3 bucket to use for snapshots.",
                      "description_kind": "plain",
                      "required": true
                    },
                    "endpoint": {
                      "type": "string",
                      "description": "The S3 service endpoint to connect to. This defaults to s3.amazonaws.com but the AWS documentation lists alternative S3 endpoints. If you are using an S3-compatible service then you should set this to the service’s endpoint.",
                      "description_kind": "plain",
                      "optional": true
                    },
                    "path_style_access": {
                      "type": "bool",
                      "description": "Whether to force the use of the path style access pattern. If true, the path style access pattern will be used. If false, the access pattern will be automatically determined by the AWS Java SDK (See AWS documentation for details). Defaults to false.",
                      "description_kind": "plain",
                      "optional": true,
                      "computed": true
                    },
                    "region": {
                      "type": "string",
                      "description": "Allows specifying the signing region to use. Specifying this setting manually should not be necessary for most use cases. Generally, the SDK will correctly guess the signing region to use. It should be considered an expert level setting to support S3-compatible APIs that require v4 signatures and use a region other than the default us-east-1. Defaults to empty string which means that the SDK will try to automatically determine the correct signing region.",
                      "description_kind": "plain",
                      "optional": true
                    },
                    "secret_key": {
                      "type": "string",
                      "description": "An S3 secret key. If set, the access_key setting must also be specified.",
                      "description_kind": "plain",
                      "optional": true,
                      "sensitive": true
                    },
                    "server_side_encryption": {
                      "type": "bool",
                      "description": "When set to true files are encrypted on server side using AES256 algorithm. Defaults to false.",
                      "description_kind": "plain",
                      "optional": true,
                      "computed": true
                    }
                  },
                  "nesting_mode": "single"
                },
                "description": "S3 repository settings.",
                "description_kind": "plain",
                "optional": true
              }
            },
            "description": "Manages Elastic Cloud Enterprise snapshot repositories.\n\n  ~> **This resource can only be used with Elastic Cloud Enterprise** For Elastic Cloud SaaS please use the [elasticstack_elasticsearch_snapshot_repository](https://registry.terraform.io/providers/elastic/elasticstack/latest/docs/resources/elasticsearch_snapshot_repository) resource from the [Elastic Stack terraform provider](https://registry.terraform.io/providers/elastic/elasticstack/latest).",
            "description_kind": "plain"
          }
        }
      },
      "data_source_schemas": {
        "ec_aws_privatelink_endpoint": {
          "version": 0,
          "block": {
            "attributes": {
              "domain_name": {
                "type": "string",
                "description": "The domain name to used in when configuring a private hosted zone in the VPCE connection.",
                "description_kind": "plain",
                "computed": true
              },
              "region": {
                "type": "string",
                "description": "Region to retrieve the Private Link configuration for.",
                "description_kind": "plain",
                "required": true
              },
              "vpc_service_name": {
                "type": "string",
                "description": "The VPC service name used to connect to the region.",
                "description_kind": "plain",
                "computed": true
              },
              "zone_ids": {
                "type": [
                  "list",
                  "string"
                ],
                "description": "The IDs of the availability zones hosting the VPC endpoints.",
                "description_kind": "plain",
                "computed": true
              }
            },
            "description": "Use this data source to retrieve information about the AWS Private Link configuration for a given region. Further documentation on how to establish a PrivateLink connection can be found in the ESS [documentation](https://www.elastic.co/guide/en/cloud/current/ec-traffic-filtering-vpc.html).",
            "description_kind": "plain"
          }
        },
        "ec_azure_privatelink_endpoint": {
          "version": 0,
          "block": {
            "attributes": {
              "domain_name": {
                "type": "string",
                "description": "The domain name to used in when configuring a private hosted zone in the VNet connection.",
                "description_kind": "plain",
                "computed": true
              },
              "region": {
                "type": "string",
                "description": "Region to retrieve the Private Link configuration for.",
                "description_kind": "plain",
                "required": true
              },
              "service_alias": {
                "type": "string",
                "description": "The service alias to establish a connection to.",
                "description_kind": "plain",
                "computed": true
              }
            },
            "description": "Use this data source to retrieve information about the Azure Private Link configuration for a given region. Further documentation on how to establish a PrivateLink connection can be found in the ESS [documentation](https://www.elastic.co/guide/en/cloud/current/ec-traffic-filtering-vnet.html).",
            "description_kind": "plain"
          }
        },
        "ec_deployment": {
          "version": 2,
          "block": {
            "attributes": {
              "alias": {
                "type": "string",
                "description": "Deployment alias.",
                "description_kind": "plain",
                "computed": true
              },
              "apm": {
                "nested_type": {
                  "attributes": {
                    "elasticsearch_cluster_ref_id": {
                      "type": "string",
                      "description": "The locally-unique user-specified id of an APM Resource.",
                      "description_kind": "plain",
                      "computed": true
                    },
                    "healthy": {
                      "type": "bool",
                      "description": "APM resource health status.",
                      "description_kind": "plain",
                      "computed": true
                    },
                    "http_endpoint": {
                      "type": "string",
                      "description": "HTTP endpoint for the APM resource.",
                      "description_kind": "plain",
                      "computed": true
                    },
                    "https_endpoint": {
                      "type": "string",
                      "description": "HTTPS endpoint for the APM resource.",
                      "description_kind": "plain",
                      "computed": true
                    },
                    "ref_id": {
                      "type": "string",
                      "description": "A locally-unique friendly alias for this APM resource.",
                      "description_kind": "plain",
                      "computed": true
                    },
                    "resource_id": {
                      "type": "string",
                      "description": "The resource unique identifier.",
                      "description_kind": "plain",
                      "computed": true
                    },
                    "status": {
                      "type": "string",
                      "description": "APM resource status (for example, \"started\", \"stopped\", etc).",
                      "description_kind": "plain",
                      "computed": true
                    },
                    "topology": {
                      "nested_type": {
                        "attributes": {
                          "instance_configuration_id": {
                            "type": "string",
                            "description": "Controls the allocation of this topology element as well as allowed sizes and node_types. It needs to match the ID of an existing instance configuration.",
                            "description_kind": "plain",
                            "computed": true
                          },
                          "size": {
                            "type": "string",
                            "description": "Amount of \"size_resource\" in Gigabytes. For example \"4g\".",
                            "description_kind": "plain",
                            "computed": true
                          },
                          "size_resource": {
                            "type": "string",
                            "description": "Type of resource (\"memory\" or \"storage\")",
                            "description_kind": "plain",
                            "computed": true
                          },
                          "zone_count": {
                            "type": "number",
                            "description": "Number of zones in which nodes will be placed.",
                            "description_kind": "plain",
                            "computed": true
                          }
                        },
                        "nesting_mode": "list"
                      },
                      "description": "Node topology element definition.",
                      "description_kind": "plain",
                      "computed": true
                    },
                    "version": {
                      "type": "string",
                      "description": "Elastic stack version.",
                      "description_kind": "plain",
                      "computed": true
                    }
                  },
                  "nesting_mode": "list"
                },
                "description": "Instance configuration of the APM type.",
                "description_kind": "plain",
                "computed": true
              },
              "deployment_template_id": {
                "type": "string",
                "description": "ID of the deployment template this deployment is based off.",
                "description_kind": "plain",
                "computed": true
              },
              "elasticsearch": {
                "nested_type": {
                  "attributes": {
                    "autoscale": {
                      "type": "string",
                      "description": "Whether or not Elasticsearch autoscaling is enabled.",
                      "description_kind": "plain",
                      "computed": true
                    },
                    "cloud_id": {
                      "type": "string",
                      "description": "The cloud ID, an encoded string that provides other Elastic services with the necessary information to connect to this Elasticsearch and Kibana. See [Configure Beats and Logstash with Cloud ID](https://www.elastic.co/guide/en/cloud/current/ec-cloud-id.html) for more information.",
                      "description_kind": "markdown",
                      "computed": true
                    },
                    "healthy": {
                      "type": "bool",
                      "description": "Elasticsearch resource health status.",
                      "description_kind": "plain",
                      "computed": true
                    },
                    "http_endpoint": {
                      "type": "string",
                      "description": "HTTP endpoint for the Elasticsearch resource.",
                      "description_kind": "plain",
                      "computed": true
                    },
                    "https_endpoint": {
                      "type": "string",
                      "description": "HTTPS endpoint for the Elasticsearch resource.",
                      "description_kind": "plain",
                      "computed": true
                    },
                    "ref_id": {
                      "type": "string",
                      "description": "A locally-unique friendly alias for this Elasticsearch cluster.",
                      "description_kind": "plain",
                      "computed": true
                    },
                    "resource_id": {
                      "type": "string",
                      "description": "The resource unique identifier.",
                      "description_kind": "plain",
                      "computed": true
                    },
                    "status": {
                      "type": "string",
                      "description": "Elasticsearch resource status (for example, \"started\", \"stopped\", etc).",
                      "description_kind": "plain",
                      "computed": true
                    },
                    "topology": {
                      "nested_type": {
                        "attributes": {
                          "autoscaling": {
                            "nested_type": {
                              "attributes": {
                                "max_size": {
                                  "type": "string",
                                  "description": "Maximum size the tier can scale up to, e.g \"64g\".",
                                  "description_kind": "plain",
                                  "computed": true
                                },
                                "max_size_resource": {
                                  "type": "string",
                                  "description": "Resource type used when specifying the maximum size the tier can scale up to.",
                                  "description_kind": "plain",
                                  "computed": true
                                },
                                "min_size": {
                                  "type": "string",
                                  "description": "Minimum size the tier can scale down to when bidirectional autoscaling is supported.",
                                  "description_kind": "plain",
                                  "computed": true
                                },
                                "min_size_resource": {
                                  "type": "string",
                                  "description": "Resource type used when specifying the minimum size the tier can scale down to when bidirectional autoscaling is supported.",
                                  "description_kind": "plain",
                                  "computed": true
                                },
                                "policy_override_json": {
                                  "type": "string",
                                  "description": "An arbitrary JSON object overriding the default autoscaling policy. Don't set unless you really know what you are doing.",
                                  "description_kind": "plain",
                                  "computed": true
                                }
                              },
                              "nesting_mode": "list"
                            },
                            "description": "Optional Elasticsearch autoscaling settings, such a maximum and minimum size and resources.",
                            "description_kind": "plain",
                            "computed": true
                          },
                          "instance_configuration_id": {
                            "type": "string",
                            "description": "Controls the allocation of this topology element as well as allowed sizes and node_types. It needs to match the ID of an existing instance configuration.",
                            "description_kind": "plain",
                            "computed": true
                          },
                          "node_roles": {
                            "type": [
                              "set",
                              "string"
                            ],
                            "description": "Defines the list of Elasticsearch node roles assigned to the topology element. This is supported from v7.10, and required from v8.",
                            "description_kind": "plain",
                            "computed": true
                          },
                          "node_type_data": {
                            "type": "bool",
                            "description": "Defines whether this node can hold data (<8.0).",
                            "description_kind": "plain",
                            "computed": true
                          },
                          "node_type_ingest": {
                            "type": "bool",
                            "description": "Defines whether this node can run an ingest pipeline (<8.0).",
                            "description_kind": "plain",
                            "computed": true
                          },
                          "node_type_master": {
                            "type": "bool",
                            "description": "Defines whether this node can be elected master (<8.0).",
                            "description_kind": "plain",
                            "computed": true
                          },
                          "node_type_ml": {
                            "type": "bool",
                            "description": "Defines whether this node can run ML jobs (<8.0).",
                            "description_kind": "plain",
                            "computed": true
                          },
                          "size": {
                            "type": "string",
                            "description": "Amount of \"size_resource\" per topology element in Gigabytes. For example \"4g\".",
                            "description_kind": "plain",
                            "computed": true
                          },
                          "size_resource": {
                            "type": "string",
                            "description": "Type of resource (\"memory\" or \"storage\")",
                            "description_kind": "plain",
                            "computed": true
                          },
                          "zone_count": {
                            "type": "number",
                            "description": "Number of zones in which nodes will be placed.",
                            "description_kind": "plain",
                            "computed": true
                          }
                        },
                        "nesting_mode": "list"
                      },
                      "description": "Node topology element definition.",
                      "description_kind": "plain",
                      "computed": true
                    },
                    "version": {
                      "type": "string",
                      "description": "Elastic stack version.",
                      "description_kind": "plain",
                      "computed": true
                    }
                  },
                  "nesting_mode": "list"
                },
                "description": "Instance configuration of the Elasticsearch Elasticsearch resource.",
                "description_kind": "plain",
                "computed": true
              },
              "enterprise_search": {
                "nested_type": {
                  "attributes": {
                    "elasticsearch_cluster_ref_id": {
                      "type": "string",
                      "description": "A locally-unique friendly alias for an Elasticsearch resource in this deployment.",
                      "description_kind": "plain",
                      "computed": true
                    },
                    "healthy": {
                      "type": "bool",
                      "description": "Enterprise Search resource health status.",
                      "description_kind": "plain",
                      "computed": true
                    },
                    "http_endpoint": {
                      "type": "string",
                      "description": "HTTP endpoint for the Enterprise Search resource.",
                      "description_kind": "plain",
                      "computed": true
                    },
                    "https_endpoint": {
                      "type": "string",
                      "description": "HTTPS endpoint for the Enterprise Search resource.",
                      "description_kind": "plain",
                      "computed": true
                    },
                    "ref_id": {
                      "type": "string",
                      "description": "A locally-unique friendly alias for this Enterprise Search resource.",
                      "description_kind": "plain",
                      "computed": true
                    },
                    "resource_id": {
                      "type": "string",
                      "description": "The resource unique identifier.",
                      "description_kind": "plain",
                      "computed": true
                    },
                    "status": {
                      "type": "string",
                      "description": "Enterprise Search resource status (for example, \"started\", \"stopped\", etc).",
                      "description_kind": "plain",
                      "computed": true
                    },
                    "topology": {
                      "nested_type": {
                        "attributes": {
                          "instance_configuration_id": {
                            "type": "string",
                            "description": "Controls the allocation of this topology element as well as allowed sizes and node_types. It needs to match the ID of an existing instance configuration.",
                            "description_kind": "plain",
                            "computed": true
                          },
                          "node_type_appserver": {
                            "type": "bool",
                            "description": "Defines whether this instance should run as application/API server.",
                            "description_kind": "plain",
                            "computed": true
                          },
                          "node_type_connector": {
                            "type": "bool",
                            "description": "Defines whether this instance should run as connector.",
                            "description_kind": "plain",
                            "computed": true
                          },
                          "node_type_worker": {
                            "type": "bool",
                            "description": "Defines whether this instance should run as background worker.",
                            "description_kind": "plain",
                            "computed": true
                          },
                          "size": {
                            "type": "string",
                            "description": "Amount of \"size_resource\" in Gigabytes. For example \"4g\".",
                            "description_kind": "plain",
                            "computed": true
                          },
                          "size_resource": {
                            "type": "string",
                            "description": "Type of resource (\"memory\" or \"storage\")",
                            "description_kind": "plain",
                            "computed": true
                          },
                          "zone_count": {
                            "type": "number",
                            "description": "Number of zones in which nodes will be placed.",
                            "description_kind": "plain",
                            "computed": true
                          }
                        },
                        "nesting_mode": "list"
                      },
                      "description": "Node topology element definition.",
                      "description_kind": "plain",
                      "computed": true
                    },
                    "version": {
                      "type": "string",
                      "description": "Elastic stack version.",
                      "description_kind": "plain",
                      "computed": true
                    }
                  },
                  "nesting_mode": "list"
                },
                "description": "Instance configuration of the Enterprise Search type.",
                "description_kind": "plain",
                "computed": true
              },
              "healthy": {
                "type": "bool",
                "description": "Overall health status of the deployment.",
                "description_kind": "plain",
                "computed": true
              },
              "id": {
                "type": "string",
                "description": "The unique ID of the deployment.",
                "description_kind": "plain",
                "required": true
              },
              "integrations_server": {
                "nested_type": {
                  "attributes": {
                    "elasticsearch_cluster_ref_id": {
                      "type": "string",
                      "description": "A locally-unique friendly alias for an Elasticsearch resource in this deployment.",
                      "description_kind": "plain",
                      "computed": true
                    },
                    "healthy": {
                      "type": "bool",
                      "description": "Resource kind health status.",
                      "description_kind": "plain",
                      "computed": true
                    },
                    "http_endpoint": {
                      "type": "string",
                      "description": "HTTP endpoint for the resource kind.",
                      "description_kind": "plain",
                      "computed": true
                    },
                    "https_endpoint": {
                      "type": "string",
                      "description": "HTTPS endpoint for the resource kind.",
                      "description_kind": "plain",
                      "computed": true
                    },
                    "ref_id": {
                      "type": "string",
                      "description": "A locally-unique friendly alias for this Integrations Server resource.",
                      "description_kind": "plain",
                      "computed": true
                    },
                    "resource_id": {
                      "type": "string",
                      "description": "The resource unique identifier.",
                      "description_kind": "plain",
                      "computed": true
                    },
                    "status": {
                      "type": "string",
                      "description": "Resource kind status (for example, \"started\", \"stopped\", etc).",
                      "description_kind": "plain",
                      "computed": true
                    },
                    "topology": {
                      "nested_type": {
                        "attributes": {
                          "instance_configuration_id": {
                            "type": "string",
                            "description": "Controls the allocation of this topology element as well as allowed sizes and node_types. It needs to match the ID of an existing instance configuration.",
                            "description_kind": "plain",
                            "computed": true
                          },
                          "size": {
                            "type": "string",
                            "description": "Amount of \"size_resource\" in Gigabytes. For example \"4g\".",
                            "description_kind": "plain",
                            "computed": true
                          },
                          "size_resource": {
                            "type": "string",
                            "description": "Type of resource (\"memory\" or \"storage\")",
                            "description_kind": "plain",
                            "computed": true
                          },
                          "zone_count": {
                            "type": "number",
                            "description": "Number of zones in which nodes will be placed.",
                            "description_kind": "plain",
                            "computed": true
                          }
                        },
                        "nesting_mode": "list"
                      },
                      "description": "Node topology element definition.",
                      "description_kind": "plain",
                      "computed": true
                    },
                    "version": {
                      "type": "string",
                      "description": "Elastic stack version.",
                      "description_kind": "plain",
                      "computed": true
                    }
                  },
                  "nesting_mode": "list"
                },
                "description": "Instance configuration of the Integrations Server type.",
                "description_kind": "plain",
                "computed": true
              },
              "kibana": {
                "nested_type": {
                  "attributes": {
                    "elasticsearch_cluster_ref_id": {
                      "type": "string",
                      "description": "A locally-unique friendly alias for an Elasticsearch resource in this deployment.",
                      "description_kind": "plain",
                      "computed": true
                    },
                    "healthy": {
                      "type": "bool",
                      "description": "Kibana resource health status.",
                      "description_kind": "plain",
                      "computed": true
                    },
                    "http_endpoint": {
                      "type": "string",
                      "description": "HTTP endpoint for the Kibana resource.",
                      "description_kind": "plain",
                      "computed": true
                    },
                    "https_endpoint": {
                      "type": "string",
                      "description": "HTTPS endpoint for the Kibana resource.",
                      "description_kind": "plain",
                      "computed": true
                    },
                    "ref_id": {
                      "type": "string",
                      "description": "A locally-unique friendly alias for this Kibana resource.",
                      "description_kind": "plain",
                      "computed": true
                    },
                    "resource_id": {
                      "type": "string",
                      "description": "The resource unique identifier.",
                      "description_kind": "plain",
                      "computed": true
                    },
                    "status": {
                      "type": "string",
                      "description": "Kibana resource status (for example, \"started\", \"stopped\", etc).",
                      "description_kind": "plain",
                      "computed": true
                    },
                    "topology": {
                      "nested_type": {
                        "attributes": {
                          "instance_configuration_id": {
                            "type": "string",
                            "description": "Controls the allocation of this topology element as well as allowed sizes and node_types. It needs to match the ID of an existing instance configuration.",
                            "description_kind": "plain",
                            "computed": true
                          },
                          "size": {
                            "type": "string",
                            "description": "Amount of size_resource in Gigabytes. For example \"4g\".",
                            "description_kind": "plain",
                            "computed": true
                          },
                          "size_resource": {
                            "type": "string",
                            "description": "Type of resource (\"memory\" or \"storage\")",
                            "description_kind": "plain",
                            "computed": true
                          },
                          "zone_count": {
                            "type": "number",
                            "description": "Number of zones in which nodes will be placed.",
                            "description_kind": "plain",
                            "computed": true
                          }
                        },
                        "nesting_mode": "list"
                      },
                      "description": "Node topology element definition.",
                      "description_kind": "plain",
                      "computed": true
                    },
                    "version": {
                      "type": "string",
                      "description": "Elastic stack version.",
                      "description_kind": "plain",
                      "computed": true
                    }
                  },
                  "nesting_mode": "list"
                },
                "description": "Instance configuration of the Kibana type.",
                "description_kind": "plain",
                "computed": true
              },
              "name": {
                "type": "string",
                "description": "The name of the deployment.",
                "description_kind": "plain",
                "computed": true
              },
              "observability": {
                "nested_type": {
                  "attributes": {
                    "deployment_id": {
                      "type": "string",
                      "description": "Destination deployment ID for the shipped logs and monitoring metrics.",
                      "description_kind": "plain",
                      "computed": true
                    },
                    "logs": {
                      "type": "bool",
                      "description": "Defines whether logs are shipped to the destination deployment.",
                      "description_kind": "plain",
                      "computed": true
                    },
                    "metrics": {
                      "type": "bool",
                      "description": "Defines whether metrics are shipped to the destination deployment.",
                      "description_kind": "plain",
                      "computed": true
                    },
                    "ref_id": {
                      "type": "string",
                      "description": "Elasticsearch resource kind ref_id of the destination deployment.",
                      "description_kind": "plain",
                      "computed": true
                    }
                  },
                  "nesting_mode": "list"
                },
                "description": "Observability settings. Information about logs and metrics shipped to a dedicated deployment.",
                "description_kind": "plain",
                "computed": true
              },
              "region": {
                "type": "string",
                "description": "Region where the deployment is hosted.",
                "description_kind": "plain",
                "computed": true
              },
              "tags": {
                "type": [
                  "map",
                  "string"
                ],
                "description": "Key value map of arbitrary string tags.",
                "description_kind": "plain",
                "computed": true
              },
              "traffic_filter": {
                "type": [
                  "list",
                  "string"
                ],
                "description": "Traffic filter block, which contains a list of traffic filter rule identifiers.",
                "description_kind": "plain",
                "computed": true
              }
            },
            "description": "Use this data source to retrieve information about an existing Elastic Cloud deployment.",
            "description_kind": "plain"
          }
        },
        "ec_deployments": {
          "version": 0,
          "block": {
            "attributes": {
              "deployment_template_id": {
                "type": "string",
                "description": "Filter the result set by the ID of the deployment template the deployment is based off.",
                "description_kind": "plain",
                "optional": true
              },
              "deployments": {
                "nested_type": {
                  "attributes": {
                    "alias": {
                      "type": "string",
                      "description": "Deployment alias.",
                      "description_kind": "plain",
                      "computed": true
                    },
                    "apm_ref_id": {
                      "type": "string",
                      "description": "The APM resource reference.",
                      "description_kind": "plain",
                      "computed": true
                    },
                    "apm_resource_id": {
                      "type": "string",
                      "description": "The APM resource unique ID.",
                      "description_kind": "plain",
                      "computed": true
                    },
                    "deployment_id": {
                      "type": "string",
                      "description": "The deployment unique ID.",
                      "description_kind": "plain",
                      "computed": true
                    },
                    "elasticsearch_ref_id": {
                      "type": "string",
                      "description": "The Elasticsearch resource reference.",
                      "description_kind": "plain",
                      "computed": true
                    },
                    "elasticsearch_resource_id": {
                      "type": "string",
                      "description": "The Elasticsearch resource unique ID.",
                      "description_kind": "plain",
                      "computed": true
                    },
                    "enterprise_search_ref_id": {
                      "type": "string",
                      "description": "The Enterprise Search resource reference.",
                      "description_kind": "plain",
                      "computed": true
                    },
                    "enterprise_search_resource_id": {
                      "type": "string",
                      "description": "The Enterprise Search resource unique ID.",
                      "description_kind": "plain",
                      "computed": true
                    },
                    "integrations_server_ref_id": {
                      "type": "string",
                      "description": "The Integrations Server resource reference.",
                      "description_kind": "plain",
                      "computed": true
                    },
                    "integrations_server_resource_id": {
                      "type": "string",
                      "description": "The Integrations Server resource unique ID.",
                      "description_kind": "plain",
                      "computed": true
                    },
                    "kibana_ref_id": {
                      "type": "string",
                      "description": "The Kibana resource reference.",
                      "description_kind": "plain",
                      "computed": true
                    },
                    "kibana_resource_id": {
                      "type": "string",
                      "description": "The Kibana resource unique ID.",
                      "description_kind": "plain",
                      "computed": true
                    },
                    "name": {
                      "type": "string",
                      "description": "The name of the deployment.",
                      "description_kind": "plain",
                      "computed": true
                    }
                  },
                  "nesting_mode": "list"
                },
                "description": "List of deployments which match the specified query.",
                "description_kind": "plain",
                "computed": true
              },
              "healthy": {
                "type": "string",
                "description": "Filter the result set by their health status.",
                "description_kind": "plain",
                "optional": true
              },
              "id": {
                "type": "string",
                "description": "Unique identifier of this data source.",
                "description_kind": "markdown",
                "computed": true
              },
              "name_prefix": {
                "type": "string",
                "description": "Prefix to filter the returned deployment list by.",
                "description_kind": "plain",
                "optional": true
              },
              "return_count": {
                "type": "number",
                "description": "The number of deployments actually returned.",
                "description_kind": "plain",
                "computed": true
              },
              "size": {
                "type": "number",
                "description": "The maximum number of deployments to return. Defaults to `100`.",
                "description_kind": "markdown",
                "optional": true
              },
              "tags": {
                "type": [
                  "map",
                  "string"
                ],
                "description": "Filter the result set by their assigned tags.",
                "description_kind": "plain",
                "optional": true
              }
            },
            "block_types": {
              "apm": {
                "nesting_mode": "list",
                "block": {
                  "attributes": {
                    "healthy": {
                      "type": "string",
                      "description": "Overall health status of the resource instances.",
                      "description_kind": "plain",
                      "optional": true
                    },
                    "status": {
                      "type": "string",
                      "description": "Resource kind status. Can be one of `initializing`, `stopping`, `stopped`, `rebooting`, `restarting`.",
                      "description_kind": "plain",
                      "optional": true
                    },
                    "version": {
                      "type": "string",
                      "description": "Elastic stack version.",
                      "description_kind": "plain",
                      "optional": true
                    }
                  },
                  "description": "Filter by APM resource kind status or configuration.",
                  "description_kind": "plain"
                }
              },
              "elasticsearch": {
                "nesting_mode": "list",
                "block": {
                  "attributes": {
                    "healthy": {
                      "type": "string",
                      "description": "Overall health status of the resource instances.",
                      "description_kind": "plain",
                      "optional": true
                    },
                    "status": {
                      "type": "string",
                      "description": "Resource kind status. Can be one of `initializing`, `stopping`, `stopped`, `rebooting`, `restarting`.",
                      "description_kind": "plain",
                      "optional": true
                    },
                    "version": {
                      "type": "string",
                      "description": "Elastic stack version.",
                      "description_kind": "plain",
                      "optional": true
                    }
                  },
                  "description": "Filter by Elasticsearch resource kind status or configuration.",
                  "description_kind": "plain"
                }
              },
              "enterprise_search": {
                "nesting_mode": "list",
                "block": {
                  "attributes": {
                    "healthy": {
                      "type": "string",
                      "description": "Overall health status of the resource instances.",
                      "description_kind": "plain",
                      "optional": true
                    },
                    "status": {
                      "type": "string",
                      "description": "Resource kind status. Can be one of `initializing`, `stopping`, `stopped`, `rebooting`, `restarting`.",
                      "description_kind": "plain",
                      "optional": true
                    },
                    "version": {
                      "type": "string",
                      "description": "Elastic stack version.",
                      "description_kind": "plain",
                      "optional": true
                    }
                  },
                  "description": "Filter by Enterprise Search resource kind status or configuration.",
                  "description_kind": "plain"
                }
              },
              "integrations_server": {
                "nesting_mode": "list",
                "block": {
                  "attributes": {
                    "healthy": {
                      "type": "string",
                      "description": "Overall health status of the resource instances.",
                      "description_kind": "plain",
                      "optional": true
                    },
                    "status": {
                      "type": "string",
                      "description": "Resource kind status. Can be one of `initializing`, `stopping`, `stopped`, `rebooting`, `restarting`.",
                      "description_kind": "plain",
                      "optional": true
                    },
                    "version": {
                      "type": "string",
                      "description": "Elastic stack version.",
                      "description_kind": "plain",
                      "optional": true
                    }
                  },
                  "description": "Filter by Integrations Server resource kind status or configuration.",
                  "description_kind": "plain"
                }
              },
              "kibana": {
                "nesting_mode": "list",
                "block": {
                  "attributes": {
                    "healthy": {
                      "type": "string",
                      "description": "Overall health status of the resource instances.",
                      "description_kind": "plain",
                      "optional": true
                    },
                    "status": {
                      "type": "string",
                      "description": "Resource kind status. Can be one of `initializing`, `stopping`, `stopped`, `rebooting`, `restarting`.",
                      "description_kind": "plain",
                      "optional": true
                    },
                    "version": {
                      "type": "string",
                      "description": "Elastic stack version.",
                      "description_kind": "plain",
                      "optional": true
                    }
                  },
                  "description": "Filter by Kibana resource kind status or configuration.",
                  "description_kind": "plain"
                }
              }
            },
            "description": "Use this data source to retrieve a list of IDs for the deployment and resource kinds, based on the specified query.",
            "description_kind": "plain"
          }
        },
        "ec_gcp_private_service_connect_endpoint": {
          "version": 0,
          "block": {
            "attributes": {
              "domain_name": {
                "type": "string",
                "description": "The domain name to point towards the PSC endpoint.",
                "description_kind": "plain",
                "computed": true
              },
              "region": {
                "type": "string",
                "description": "Region to retrieve the Prive Link configuration for.",
                "description_kind": "plain",
                "required": true
              },
              "service_attachment_uri": {
                "type": "string",
                "description": "The service attachment URI to attach the PSC endpoint to.",
                "description_kind": "plain",
                "computed": true
              }
            },
            "description": "Use this data source to retrieve information about the GCP Private Service Connect configuration for a given region. Further documentation on how to establish a PrivateLink connection can be found in the ESS [documentation](https://www.elastic.co/guide/en/cloud/current/ec-traffic-filtering-psc.html).",
            "description_kind": "plain"
          }
        },
        "ec_stack": {
          "version": 0,
          "block": {
            "attributes": {
              "accessible": {
                "type": "bool",
                "description": "To have this version accessible/not accessible by the calling user. This is only relevant for Elasticsearch Service (ESS), not for ECE.",
                "description_kind": "plain",
                "computed": true
              },
              "allowlisted": {
                "type": "bool",
                "description": "To include/not include this version in the `allowlist`. This is only relevant for Elasticsearch Service (ESS), not for ECE.",
                "description_kind": "plain",
                "computed": true
              },
              "apm": {
                "nested_type": {
                  "attributes": {
                    "capacity_constraints_max": {
                      "type": "number",
                      "description": "Maximum size of the instances.",
                      "description_kind": "plain",
                      "computed": true
                    },
                    "capacity_constraints_min": {
                      "type": "number",
                      "description": "Minimum size of the instances.",
                      "description_kind": "plain",
                      "computed": true
                    },
                    "compatible_node_types": {
                      "type": [
                        "list",
                        "string"
                      ],
                      "description": "List of node types compatible with this one.",
                      "description_kind": "plain",
                      "computed": true
                    },
                    "denylist": {
                      "type": [
                        "list",
                        "string"
                      ],
                      "description": "List of configuration options that cannot be overridden by user settings.",
                      "description_kind": "plain",
                      "computed": true
                    },
                    "docker_image": {
                      "type": "string",
                      "description": "Docker image to use for the APM instance.",
                      "description_kind": "plain",
                      "computed": true
                    }
                  },
                  "nesting_mode": "list"
                },
                "description": "Information for APM workloads on this stack version.",
                "description_kind": "plain",
                "computed": true
              },
              "elasticsearch": {
                "nested_type": {
                  "attributes": {
                    "capacity_constraints_max": {
                      "type": "number",
                      "description": "Maximum size of the instances.",
                      "description_kind": "plain",
                      "computed": true
                    },
                    "capacity_constraints_min": {
                      "type": "number",
                      "description": "Minimum size of the instances.",
                      "description_kind": "plain",
                      "computed": true
                    },
                    "compatible_node_types": {
                      "type": [
                        "list",
                        "string"
                      ],
                      "description": "List of node types compatible with this one.",
                      "description_kind": "plain",
                      "computed": true
                    },
                    "default_plugins": {
                      "type": [
                        "list",
                        "string"
                      ],
                      "description": "List of default plugins.",
                      "description_kind": "plain",
                      "computed": true
                    },
                    "denylist": {
                      "type": [
                        "list",
                        "string"
                      ],
                      "description": "List of configuration options that cannot be overridden by user settings.",
                      "description_kind": "plain",
                      "computed": true
                    },
                    "docker_image": {
                      "type": "string",
                      "description": "Docker image to use for the Elasticsearch cluster instances.",
                      "description_kind": "plain",
                      "computed": true
                    },
                    "plugins": {
                      "type": [
                        "list",
                        "string"
                      ],
                      "description": "List of available plugins to be specified by users in Elasticsearch cluster instances.",
                      "description_kind": "plain",
                      "computed": true
                    }
                  },
                  "nesting_mode": "list"
                },
                "description": "Information for Elasticsearch workloads on this stack version.",
                "description_kind": "plain",
                "computed": true
              },
              "enterprise_search": {
                "nested_type": {
                  "attributes": {
                    "capacity_constraints_max": {
                      "type": "number",
                      "description": "Maximum size of the instances.",
                      "description_kind": "plain",
                      "computed": true
                    },
                    "capacity_constraints_min": {
                      "type": "number",
                      "description": "Minimum size of the instances.",
                      "description_kind": "plain",
                      "computed": true
                    },
                    "compatible_node_types": {
                      "type": [
                        "list",
                        "string"
                      ],
                      "description": "List of node types compatible with this one.",
                      "description_kind": "plain",
                      "computed": true
                    },
                    "denylist": {
                      "type": [
                        "list",
                        "string"
                      ],
                      "description": "List of configuration options that cannot be overridden by user settings.",
                      "description_kind": "plain",
                      "computed": true
                    },
                    "docker_image": {
                      "type": "string",
                      "description": "Docker image to use for the Enterprise Search instance.",
                      "description_kind": "plain",
                      "computed": true
                    }
                  },
                  "nesting_mode": "list"
                },
                "description": "Information for Enterprise Search workloads on this stack version.",
                "description_kind": "plain",
                "computed": true
              },
              "id": {
                "type": "string",
                "description": "Unique identifier of this data source.",
                "description_kind": "markdown",
                "computed": true
              },
              "kibana": {
                "nested_type": {
                  "attributes": {
                    "capacity_constraints_max": {
                      "type": "number",
                      "description": "Maximum size of the instances.",
                      "description_kind": "plain",
                      "computed": true
                    },
                    "capacity_constraints_min": {
                      "type": "number",
                      "description": "Minimum size of the instances.",
                      "description_kind": "plain",
                      "computed": true
                    },
                    "compatible_node_types": {
                      "type": [
                        "list",
                        "string"
                      ],
                      "description": "List of node types compatible with this one.",
                      "description_kind": "plain",
                      "computed": true
                    },
                    "denylist": {
                      "type": [
                        "list",
                        "string"
                      ],
                      "description": "List of configuration options that cannot be overridden by user settings.",
                      "description_kind": "plain",
                      "computed": true
                    },
                    "docker_image": {
                      "type": "string",
                      "description": "Docker image to use for the Kibana instance.",
                      "description_kind": "plain",
                      "computed": true
                    }
                  },
                  "nesting_mode": "list"
                },
                "description": "Information for Kibana workloads on this stack version.",
                "description_kind": "plain",
                "computed": true
              },
              "lock": {
                "type": "bool",
                "description": "Lock the `latest` `version_regex` obtained, so that the new stack release doesn't cascade the changes down to the deployments. It can be changed at any time.",
                "description_kind": "plain",
                "optional": true
              },
              "min_upgradable_from": {
                "type": "string",
                "description": "The minimum stack version which can be upgraded to this stack version.",
                "description_kind": "plain",
                "computed": true
              },
              "region": {
                "type": "string",
                "description": "Region where the stack pack is. For Elastic Cloud Enterprise (ECE) installations, use `ece-region`.",
                "description_kind": "plain",
                "required": true
              },
              "upgradable_to": {
                "type": [
                  "list",
                  "string"
                ],
                "description": "A list of stack versions which this stack version can be upgraded to.",
                "description_kind": "plain",
                "computed": true
              },
              "version": {
                "type": "string",
                "description": "The stack version",
                "description_kind": "plain",
                "computed": true
              },
              "version_regex": {
                "type": "string",
                "description": "Regex to filter the available stacks. Can be any valid regex expression, when multiple stacks are matched through a regex, the latest version is returned. `latest` is also accepted to obtain the latest available stack version.",
                "description_kind": "plain",
                "required": true
              }
            },
            "description": "Use this data source to retrieve information about an existing Elastic Cloud stack.\n\n  -> **Note on regions** Before you start, you might want to check the [full list](https://www.elastic.co/guide/en/cloud/current/ec-regions-templates-instances.html) of regions available in Elasticsearch Service (ESS).",
            "description_kind": "plain"
          }
        },
        "ec_traffic_filter": {
          "version": 0,
          "block": {
            "attributes": {
              "id": {
                "type": "string",
                "description": "The id of the traffic filter to select.",
                "description_kind": "plain",
                "optional": true
              },
              "name": {
                "type": "string",
                "description": "The exact name of the traffic filter to select.",
                "description_kind": "plain",
                "optional": true
              },
              "region": {
                "type": "string",
                "description": "Region where the traffic filter is. For Elastic Cloud Enterprise (ECE) installations, use `ece-region`",
                "description_kind": "plain",
                "optional": true
              },
              "rulesets": {
                "nested_type": {
                  "attributes": {
                    "description": {
                      "type": "string",
                      "description": "The description of the ruleset.",
                      "description_kind": "plain",
                      "computed": true
                    },
                    "id": {
                      "type": "string",
                      "description": "The ID of the ruleset",
                      "description_kind": "plain",
                      "computed": true
                    },
                    "include_by_default": {
                      "type": "bool",
                      "description": "Should the ruleset be automatically included in the new deployments.",
                      "description_kind": "plain",
                      "computed": true
                    },
                    "name": {
                      "type": "string",
                      "description": "The name of the ruleset.",
                      "description_kind": "plain",
                      "computed": true
                    },
                    "region": {
                      "type": "string",
                      "description": "The ruleset can be attached only to deployments in the specific region.",
                      "description_kind": "plain",
                      "computed": true
                    },
                    "rules": {
                      "nested_type": {
                        "attributes": {
                          "description": {
                            "type": "string",
                            "description": "The description of the rule.",
                            "description_kind": "plain",
                            "computed": true
                          },
                          "id": {
                            "type": "string",
                            "description": "The ID of the rule",
                            "description_kind": "plain",
                            "computed": true
                          },
                          "source": {
                            "type": "string",
                            "description": "Allowed traffic filter source: IP address, CIDR mask, or VPC endpoint ID.",
                            "description_kind": "plain",
                            "computed": true
                          }
                        },
                        "nesting_mode": "list"
                      },
                      "description": "An individual rule",
                      "description_kind": "plain",
                      "computed": true
                    }
                  },
                  "nesting_mode": "list"
                },
                "description": "An individual ruleset",
                "description_kind": "plain",
                "computed": true
              }
            },
            "description": "Use this data source to filter for an existing traffic filter that has been created via one of the provided filters.",
            "description_kind": "plain"
          }
        }
      }
    }
  }
}